// !$*UTF8*$!
{
	archiveVersion = 1;
	classes = {
	};
	objectVersion = 45;
	objects = {

/* Begin PBXAggregateTarget section */
		B5FE4AF8109FBBC600E1608F /* zip */ = {
			isa = PBXAggregateTarget;
			buildConfigurationList = B5FE4AFB109FBBCB00E1608F /* Build configuration list for PBXAggregateTarget "zip" */;
			buildPhases = (
				B5FE4AFE109FBC3800E1608F /* ShellScript */,
			);
			dependencies = (
			);
			name = zip;
			productName = zip;
		};
		B5FE4B64109FD88600E1608F /* p7zip */ = {
			isa = PBXAggregateTarget;
			buildConfigurationList = B5FE4B69109FD89200E1608F /* Build configuration list for PBXAggregateTarget "p7zip" */;
			buildPhases = (
				B5FE4B63109FD88600E1608F /* ShellScript */,
			);
			dependencies = (
			);
			name = p7zip;
			productName = p7zip;
		};
/* End PBXAggregateTarget section */

/* Begin PBXAppleScriptBuildPhase section */
		B58DD5B607BF466600A6D878 /* AppleScript */ = {
			isa = PBXAppleScriptBuildPhase;
			buildActionMask = 2147483647;
			contextName = "";
			files = (
			);
			isSharedContext = 0;
			runOnlyForDeploymentPostprocessing = 0;
		};
/* End PBXAppleScriptBuildPhase section */

/* Begin PBXBuildFile section */
		8D11072F0486CEB800E47090 /* Cocoa.framework in Frameworks */ = {isa = PBXBuildFile; fileRef = 1058C7A1FEA54F0111CA2CBB /* Cocoa.framework */; };
		B516A210109C850E0039610F /* Sparkle.framework in Frameworks */ = {isa = PBXBuildFile; fileRef = B516A20F109C850E0039610F /* Sparkle.framework */; };
		B516A240109C8CC60039610F /* Sparkle.framework in CopyFiles */ = {isa = PBXBuildFile; fileRef = B516A20F109C850E0039610F /* Sparkle.framework */; };
		B516A25E109C9E5E0039610F /* dsa_pub.pem in Resources */ = {isa = PBXBuildFile; fileRef = B516A25D109C9E5E0039610F /* dsa_pub.pem */; };
		B536BA42109C2BB6003C7479 /* CleanArchiver_Prefix.pch in Headers */ = {isa = PBXBuildFile; fileRef = B536BA41109C2BB6003C7479 /* CleanArchiver_Prefix.pch */; };
		B536BA51109C2D1C003C7479 /* main.m in Sources */ = {isa = PBXBuildFile; fileRef = B536BA50109C2D1C003C7479 /* main.m */; };
		B536BA76109C2D7F003C7479 /* CAController.h in Headers */ = {isa = PBXBuildFile; fileRef = B536BA63109C2D7F003C7479 /* CAController.h */; };
		B536BA77109C2D7F003C7479 /* CAController.m in Sources */ = {isa = PBXBuildFile; fileRef = B536BA64109C2D7F003C7479 /* CAController.m */; };
		B536BA78109C2D7F003C7479 /* CAView.h in Headers */ = {isa = PBXBuildFile; fileRef = B536BA65109C2D7F003C7479 /* CAView.h */; };
		B536BA79109C2D7F003C7479 /* CAView.m in Sources */ = {isa = PBXBuildFile; fileRef = B536BA66109C2D7F003C7479 /* CAView.m */; };
		B536BA94109C2EBB003C7479 /* mkdmg in Resources */ = {isa = PBXBuildFile; fileRef = B536BA91109C2EBB003C7479 /* mkdmg */; };
		B536BA96109C2F3D003C7479 /* CleanArchiver.icns in Resources */ = {isa = PBXBuildFile; fileRef = B536BA8A109C2E27003C7479 /* CleanArchiver.icns */; };
		B536BA97109C2F43003C7479 /* bg.png in Resources */ = {isa = PBXBuildFile; fileRef = B536BA8F109C2EBB003C7479 /* bg.png */; };
		B536BA98109C2F47003C7479 /* bgactive.png in Resources */ = {isa = PBXBuildFile; fileRef = B536BA90109C2EBB003C7479 /* bgactive.png */; };
		B536BA9E109C2F5A003C7479 /* version.plist in Resources */ = {isa = PBXBuildFile; fileRef = B536BA9C109C2F5A003C7479 /* version.plist */; };
		B545ACB9109C342C009CDDE0 /* CleanArchiverHelp in Resources */ = {isa = PBXBuildFile; fileRef = B545ACAC109C342C009CDDE0 /* CleanArchiverHelp */; };
		B553E421109DC60C009DDDA0 /* Carc.h in Headers */ = {isa = PBXBuildFile; fileRef = B553E41F109DC60C009DDDA0 /* Carc.h */; };
		B553E422109DC60C009DDDA0 /* Carc.m in Sources */ = {isa = PBXBuildFile; fileRef = B553E420109DC60C009DDDA0 /* Carc.m */; };
		B56CCAE3109D680A00993EE9 /* carc in Resources */ = {isa = PBXBuildFile; fileRef = B56CCAE2109D680A00993EE9 /* carc */; };
		B5F43ACC109C3298000150B6 /* InfoPlist.strings in Resources */ = {isa = PBXBuildFile; fileRef = B5F43A9C109C3298000150B6 /* InfoPlist.strings */; };
		B5F43ACD109C3298000150B6 /* Localizable.strings in Resources */ = {isa = PBXBuildFile; fileRef = B5F43A9E109C3298000150B6 /* Localizable.strings */; };
		B5F43ACE109C3298000150B6 /* MainMenu.nib in Resources */ = {isa = PBXBuildFile; fileRef = B5F43AA0109C3298000150B6 /* MainMenu.nib */; };
		B5FE4A13109E928D00E1608F /* 7za in Resources */ = {isa = PBXBuildFile; fileRef = B5FE4A12109E928D00E1608F /* 7za */; };
		B5FE4B3D109FD2DC00E1608F /* zip in Resources */ = {isa = PBXBuildFile; fileRef = B5FE4B3C109FD2DB00E1608F /* zip */; };
/* End PBXBuildFile section */

/* Begin PBXContainerItemProxy section */
		B5FE4B25109FC47500E1608F /* PBXContainerItemProxy */ = {
			isa = PBXContainerItemProxy;
			containerPortal = 29B97313FDCFA39411CA2CEA /* Project object */;
			proxyType = 1;
			remoteGlobalIDString = B5FE4AF8109FBBC600E1608F;
			remoteInfo = zip;
		};
		B5FE4B6A109FD8B500E1608F /* PBXContainerItemProxy */ = {
			isa = PBXContainerItemProxy;
			containerPortal = 29B97313FDCFA39411CA2CEA /* Project object */;
			proxyType = 1;
			remoteGlobalIDString = B5FE4B64109FD88600E1608F;
			remoteInfo = p7zip;
		};
/* End PBXContainerItemProxy section */

/* Begin PBXCopyFilesBuildPhase section */
		B516A23F109C8CB70039610F /* CopyFiles */ = {
			isa = PBXCopyFilesBuildPhase;
			buildActionMask = 2147483647;
			dstPath = "";
			dstSubfolderSpec = 10;
			files = (
				B516A240109C8CC60039610F /* Sparkle.framework in CopyFiles */,
			);
			runOnlyForDeploymentPostprocessing = 0;
		};
/* End PBXCopyFilesBuildPhase section */

/* Begin PBXFileReference section */
		1058C7A1FEA54F0111CA2CBB /* Cocoa.framework */ = {isa = PBXFileReference; lastKnownFileType = wrapper.framework; name = Cocoa.framework; path = /System/Library/Frameworks/Cocoa.framework; sourceTree = "<absolute>"; };
		29B97324FDCFA39411CA2CEA /* AppKit.framework */ = {isa = PBXFileReference; lastKnownFileType = wrapper.framework; name = AppKit.framework; path = /System/Library/Frameworks/AppKit.framework; sourceTree = "<absolute>"; };
		29B97325FDCFA39411CA2CEA /* Foundation.framework */ = {isa = PBXFileReference; lastKnownFileType = wrapper.framework; name = Foundation.framework; path = /System/Library/Frameworks/Foundation.framework; sourceTree = "<absolute>"; };
		8D1107320486CEB800E47090 /* CleanArchiver.app */ = {isa = PBXFileReference; explicitFileType = wrapper.application; includeInIndex = 0; path = CleanArchiver.app; sourceTree = BUILT_PRODUCTS_DIR; };
		B516A20F109C850E0039610F /* Sparkle.framework */ = {isa = PBXFileReference; lastKnownFileType = wrapper.framework; path = Sparkle.framework; sourceTree = "<group>"; };
		B516A25D109C9E5E0039610F /* dsa_pub.pem */ = {isa = PBXFileReference; fileEncoding = 4; lastKnownFileType = text; name = dsa_pub.pem; path = CleanArchiver/dsa_pub.pem; sourceTree = "<group>"; };
		B536BA15109C1ED1003C7479 /* Info.plist */ = {isa = PBXFileReference; fileEncoding = 4; lastKnownFileType = text.plist.xml; name = Info.plist; path = CleanArchiver/Info.plist; sourceTree = "<group>"; };
		B536BA41109C2BB6003C7479 /* CleanArchiver_Prefix.pch */ = {isa = PBXFileReference; fileEncoding = 4; lastKnownFileType = sourcecode.c.h; name = CleanArchiver_Prefix.pch; path = CleanArchiver/CleanArchiver_Prefix.pch; sourceTree = "<group>"; };
		B536BA50109C2D1C003C7479 /* main.m */ = {isa = PBXFileReference; fileEncoding = 4; lastKnownFileType = sourcecode.c.objc; name = main.m; path = CleanArchiver/main.m; sourceTree = "<group>"; };
		B536BA63109C2D7F003C7479 /* CAController.h */ = {isa = PBXFileReference; fileEncoding = 4; lastKnownFileType = sourcecode.c.h; name = CAController.h; path = CleanArchiver/CAController.h; sourceTree = "<group>"; };
		B536BA64109C2D7F003C7479 /* CAController.m */ = {isa = PBXFileReference; fileEncoding = 4; lastKnownFileType = sourcecode.c.objc; name = CAController.m; path = CleanArchiver/CAController.m; sourceTree = "<group>"; };
		B536BA65109C2D7F003C7479 /* CAView.h */ = {isa = PBXFileReference; fileEncoding = 4; lastKnownFileType = sourcecode.c.h; name = CAView.h; path = CleanArchiver/CAView.h; sourceTree = "<group>"; };
		B536BA66109C2D7F003C7479 /* CAView.m */ = {isa = PBXFileReference; fileEncoding = 4; lastKnownFileType = sourcecode.c.objc; name = CAView.m; path = CleanArchiver/CAView.m; sourceTree = "<group>"; };
		B536BA8A109C2E27003C7479 /* CleanArchiver.icns */ = {isa = PBXFileReference; lastKnownFileType = image.icns; name = CleanArchiver.icns; path = CleanArchiver/CleanArchiver.icns; sourceTree = "<group>"; };
		B536BA8F109C2EBB003C7479 /* bg.png */ = {isa = PBXFileReference; lastKnownFileType = image.png; name = bg.png; path = CleanArchiver/bg.png; sourceTree = "<group>"; };
		B536BA90109C2EBB003C7479 /* bgactive.png */ = {isa = PBXFileReference; lastKnownFileType = image.png; name = bgactive.png; path = CleanArchiver/bgactive.png; sourceTree = "<group>"; };
		B536BA91109C2EBB003C7479 /* mkdmg */ = {isa = PBXFileReference; fileEncoding = 4; lastKnownFileType = text.script.perl; name = mkdmg; path = CleanArchiver/mkdmg; sourceTree = "<group>"; };
		B536BA9B109C2F5A003C7479 /* README.txt */ = {isa = PBXFileReference; fileEncoding = 4; lastKnownFileType = text; name = README.txt; path = CleanArchiver/README.txt; sourceTree = "<group>"; };
		B536BA9C109C2F5A003C7479 /* version.plist */ = {isa = PBXFileReference; fileEncoding = 4; lastKnownFileType = text.plist.xml; name = version.plist; path = CleanArchiver/version.plist; sourceTree = "<group>"; };
		B545ACAD109C342C009CDDE0 /* Japanese */ = {isa = PBXFileReference; lastKnownFileType = folder; name = Japanese; path = CleanArchiver/Localized/Japanese.lproj/CleanArchiverHelp; sourceTree = "<group>"; };
		B545ACBE109C34C5009CDDE0 /* English */ = {isa = PBXFileReference; lastKnownFileType = folder; name = English; path = CleanArchiver/Localized/English.lproj/CleanArchiverHelp; sourceTree = "<group>"; };
		B553E41F109DC60C009DDDA0 /* Carc.h */ = {isa = PBXFileReference; fileEncoding = 4; lastKnownFileType = sourcecode.c.h; name = Carc.h; path = CleanArchiver/Carc.h; sourceTree = "<group>"; };
		B553E420109DC60C009DDDA0 /* Carc.m */ = {isa = PBXFileReference; fileEncoding = 4; lastKnownFileType = sourcecode.c.objc; name = Carc.m; path = CleanArchiver/Carc.m; sourceTree = "<group>"; };
		B56CCAE2109D680A00993EE9 /* carc */ = {isa = PBXFileReference; fileEncoding = 4; lastKnownFileType = text.script.ruby; name = carc; path = CleanArchiver/carc; sourceTree = "<group>"; };
		B5F43A9D109C3298000150B6 /* English */ = {isa = PBXFileReference; fileEncoding = 4; lastKnownFileType = text.plist.strings; name = English; path = English.lproj/InfoPlist.strings; sourceTree = "<group>"; };
		B5F43A9F109C3298000150B6 /* English */ = {isa = PBXFileReference; fileEncoding = 4; lastKnownFileType = text.plist.strings; name = English; path = English.lproj/Localizable.strings; sourceTree = "<group>"; };
		B5F43AA1109C3298000150B6 /* English */ = {isa = PBXFileReference; lastKnownFileType = wrapper.nib; name = English; path = English.lproj/MainMenu.nib; sourceTree = "<group>"; };
		B5F43AC3109C3298000150B6 /* Japanese */ = {isa = PBXFileReference; fileEncoding = 4; lastKnownFileType = text.plist.strings; name = Japanese; path = Japanese.lproj/InfoPlist.strings; sourceTree = "<group>"; };
		B5F43AC4109C3298000150B6 /* Japanese */ = {isa = PBXFileReference; fileEncoding = 4; lastKnownFileType = text.plist.strings; name = Japanese; path = Japanese.lproj/Localizable.strings; sourceTree = "<group>"; };
		B5F43AC5109C3298000150B6 /* Japanese */ = {isa = PBXFileReference; lastKnownFileType = wrapper.nib; name = Japanese; path = Japanese.lproj/MainMenu.nib; sourceTree = "<group>"; };
		B5FE4A12109E928D00E1608F /* 7za */ = {isa = PBXFileReference; lastKnownFileType = "compiled.mach-o.executable"; name = 7za; path = p7zip/bin/7za; sourceTree = "<group>"; };
		B5FE4B3C109FD2DB00E1608F /* zip */ = {isa = PBXFileReference; lastKnownFileType = "compiled.mach-o.executable"; name = zip; path = zip/zip; sourceTree = "<group>"; };
/* End PBXFileReference section */

/* Begin PBXFrameworksBuildPhase section */
		8D11072E0486CEB800E47090 /* Frameworks */ = {
			isa = PBXFrameworksBuildPhase;
			buildActionMask = 2147483647;
			files = (
				8D11072F0486CEB800E47090 /* Cocoa.framework in Frameworks */,
				B516A210109C850E0039610F /* Sparkle.framework in Frameworks */,
			);
			runOnlyForDeploymentPostprocessing = 0;
		};
/* End PBXFrameworksBuildPhase section */

/* Begin PBXGroup section */
		080E96DDFE201D6D7F000001 /* Classes */ = {
			isa = PBXGroup;
			children = (
				B536BA63109C2D7F003C7479 /* CAController.h */,
				B536BA64109C2D7F003C7479 /* CAController.m */,
				B536BA65109C2D7F003C7479 /* CAView.h */,
				B536BA66109C2D7F003C7479 /* CAView.m */,
				B553E41F109DC60C009DDDA0 /* Carc.h */,
				B553E420109DC60C009DDDA0 /* Carc.m */,
			);
			name = Classes;
			sourceTree = "<group>";
		};
		1058C7A0FEA54F0111CA2CBB /* Linked Frameworks */ = {
			isa = PBXGroup;
			children = (
				1058C7A1FEA54F0111CA2CBB /* Cocoa.framework */,
				B516A20F109C850E0039610F /* Sparkle.framework */,
			);
			name = "Linked Frameworks";
			sourceTree = "<group>";
		};
		1058C7A2FEA54F0111CA2CBB /* Other Frameworks */ = {
			isa = PBXGroup;
			children = (
				29B97325FDCFA39411CA2CEA /* Foundation.framework */,
				29B97324FDCFA39411CA2CEA /* AppKit.framework */,
			);
			name = "Other Frameworks";
			sourceTree = "<group>";
		};
		29B97314FDCFA39411CA2CEA /* CleanArchiver */ = {
			isa = PBXGroup;
			children = (
				080E96DDFE201D6D7F000001 /* Classes */,
				29B97315FDCFA39411CA2CEA /* Other Sources */,
				29B97317FDCFA39411CA2CEA /* Resources */,
				29B97323FDCFA39411CA2CEA /* Frameworks */,
				B59E55C407C435CB003F8060 /* Products */,
				B536BA9B109C2F5A003C7479 /* README.txt */,
			);
			name = CleanArchiver;
			sourceTree = "<group>";
		};
		29B97315FDCFA39411CA2CEA /* Other Sources */ = {
			isa = PBXGroup;
			children = (
				B536BA41109C2BB6003C7479 /* CleanArchiver_Prefix.pch */,
				B536BA50109C2D1C003C7479 /* main.m */,
			);
			name = "Other Sources";
			sourceTree = "<group>";
		};
		29B97317FDCFA39411CA2CEA /* Resources */ = {
			isa = PBXGroup;
			children = (
				B5FE4A12109E928D00E1608F /* 7za */,
				B536BA8F109C2EBB003C7479 /* bg.png */,
				B536BA90109C2EBB003C7479 /* bgactive.png */,
				B56CCAE2109D680A00993EE9 /* carc */,
				B536BA8A109C2E27003C7479 /* CleanArchiver.icns */,
				B545ACAC109C342C009CDDE0 /* CleanArchiverHelp */,
				B516A25D109C9E5E0039610F /* dsa_pub.pem */,
				B536BA15109C1ED1003C7479 /* Info.plist */,
				B5F43A9C109C3298000150B6 /* InfoPlist.strings */,
				B5F43A9E109C3298000150B6 /* Localizable.strings */,
				B5F43AA0109C3298000150B6 /* MainMenu.nib */,
				B536BA91109C2EBB003C7479 /* mkdmg */,
				B536BA9C109C2F5A003C7479 /* version.plist */,
				B5FE4B3C109FD2DB00E1608F /* zip */,
			);
			name = Resources;
			sourceTree = "<group>";
		};
		29B97323FDCFA39411CA2CEA /* Frameworks */ = {
			isa = PBXGroup;
			children = (
				1058C7A0FEA54F0111CA2CBB /* Linked Frameworks */,
				1058C7A2FEA54F0111CA2CBB /* Other Frameworks */,
			);
			name = Frameworks;
			sourceTree = "<group>";
		};
		B59E55C407C435CB003F8060 /* Products */ = {
			isa = PBXGroup;
			children = (
				8D1107320486CEB800E47090 /* CleanArchiver.app */,
			);
			name = Products;
			sourceTree = "<group>";
		};
/* End PBXGroup section */

/* Begin PBXHeadersBuildPhase section */
		8D1107270486CEB800E47090 /* Headers */ = {
			isa = PBXHeadersBuildPhase;
			buildActionMask = 2147483647;
			files = (
				B536BA42109C2BB6003C7479 /* CleanArchiver_Prefix.pch in Headers */,
				B536BA76109C2D7F003C7479 /* CAController.h in Headers */,
				B536BA78109C2D7F003C7479 /* CAView.h in Headers */,
				B553E421109DC60C009DDDA0 /* Carc.h in Headers */,
			);
			runOnlyForDeploymentPostprocessing = 0;
		};
/* End PBXHeadersBuildPhase section */

/* Begin PBXNativeTarget section */
		8D1107260486CEB800E47090 /* CleanArchiver */ = {
			isa = PBXNativeTarget;
			buildConfigurationList = B5EA5CE408F15FD40064B72D /* Build configuration list for PBXNativeTarget "CleanArchiver" */;
			buildPhases = (
				8D1107270486CEB800E47090 /* Headers */,
				8D1107290486CEB800E47090 /* Resources */,
				8D11072C0486CEB800E47090 /* Sources */,
				8D11072E0486CEB800E47090 /* Frameworks */,
				B58DD5B607BF466600A6D878 /* AppleScript */,
				B516A23F109C8CB70039610F /* CopyFiles */,
			);
			buildRules = (
			);
			dependencies = (
				B5FE4B6B109FD8B500E1608F /* PBXTargetDependency */,
				B5FE4B26109FC47500E1608F /* PBXTargetDependency */,
			);
			name = CleanArchiver;
			productInstallPath = "$(HOME)/Applications";
			productName = CleanArchiver;
			productReference = 8D1107320486CEB800E47090 /* CleanArchiver.app */;
			productType = "com.apple.product-type.application";
		};
/* End PBXNativeTarget section */

/* Begin PBXProject section */
		29B97313FDCFA39411CA2CEA /* Project object */ = {
			isa = PBXProject;
			buildConfigurationList = B5EA5CE808F15FD40064B72D /* Build configuration list for PBXProject "CleanArchiver" */;
			compatibilityVersion = "Xcode 3.1";
			hasScannedForEncodings = 1;
			mainGroup = 29B97314FDCFA39411CA2CEA /* CleanArchiver */;
			projectDirPath = "";
			projectRoot = "";
			targets = (
				8D1107260486CEB800E47090 /* CleanArchiver */,
				B5FE4B64109FD88600E1608F /* p7zip */,
				B5FE4AF8109FBBC600E1608F /* zip */,
			);
		};
/* End PBXProject section */

/* Begin PBXResourcesBuildPhase section */
		8D1107290486CEB800E47090 /* Resources */ = {
			isa = PBXResourcesBuildPhase;
			buildActionMask = 2147483647;
			files = (
				B536BA94109C2EBB003C7479 /* mkdmg in Resources */,
				B536BA96109C2F3D003C7479 /* CleanArchiver.icns in Resources */,
				B536BA97109C2F43003C7479 /* bg.png in Resources */,
				B536BA98109C2F47003C7479 /* bgactive.png in Resources */,
				B536BA9E109C2F5A003C7479 /* version.plist in Resources */,
				B5F43ACC109C3298000150B6 /* InfoPlist.strings in Resources */,
				B5F43ACD109C3298000150B6 /* Localizable.strings in Resources */,
				B5F43ACE109C3298000150B6 /* MainMenu.nib in Resources */,
				B545ACB9109C342C009CDDE0 /* CleanArchiverHelp in Resources */,
				B516A25E109C9E5E0039610F /* dsa_pub.pem in Resources */,
				B56CCAE3109D680A00993EE9 /* carc in Resources */,
				B5FE4A13109E928D00E1608F /* 7za in Resources */,
				B5FE4B3D109FD2DC00E1608F /* zip in Resources */,
			);
			runOnlyForDeploymentPostprocessing = 0;
		};
/* End PBXResourcesBuildPhase section */

/* Begin PBXShellScriptBuildPhase section */
		B5FE4AFE109FBC3800E1608F /* ShellScript */ = {
			isa = PBXShellScriptBuildPhase;
			buildActionMask = 2147483647;
			files = (
			);
			inputPaths = (
			);
			outputPaths = (
			);
			runOnlyForDeploymentPostprocessing = 0;
			shellPath = /bin/sh;
			shellScript = "cd zip\n\n[ -e \"zip\" ] && exit 0\n\nfor arch in ${ARCHS}; do\n  build_dir=../build/${arch}\n  mkdir -p ${build_dir}\n\n  make -f unix/Makefile clean\n  make -f unix/Makefile macosx ARCH=${arch}\n  cp zip ${build_dir}\ndone\n\nlipo -create ../build/*/zip -output zip\n\necho \"Done\"\nexit 0";
		};
		B5FE4B63109FD88600E1608F /* ShellScript */ = {
			isa = PBXShellScriptBuildPhase;
			buildActionMask = 2147483647;
			files = (
			);
			inputPaths = (
			);
			outputPaths = (
			);
			runOnlyForDeploymentPostprocessing = 0;
			shellPath = /bin/sh;
			shellScript = "cd p7zip\n\n[ -e \"bin/7za\" ] && exit 0\n\nfor arch in ${ARCHS}; do\n  build_dir=../build/${arch}\n  mkdir -p ${build_dir}\n\n  make clean\n  make OPTFLAGS=\"-arch ${arch}\"\n  cp bin/7za ${build_dir}\ndone\n\nlipo -create ../build/*/7za -output bin/7za\n\necho \"Done\"\nexit 0";
		};
/* End PBXShellScriptBuildPhase section */

/* Begin PBXSourcesBuildPhase section */
		8D11072C0486CEB800E47090 /* Sources */ = {
			isa = PBXSourcesBuildPhase;
			buildActionMask = 2147483647;
			files = (
				B536BA51109C2D1C003C7479 /* main.m in Sources */,
				B536BA77109C2D7F003C7479 /* CAController.m in Sources */,
				B536BA79109C2D7F003C7479 /* CAView.m in Sources */,
				B553E422109DC60C009DDDA0 /* Carc.m in Sources */,
			);
			runOnlyForDeploymentPostprocessing = 0;
		};
/* End PBXSourcesBuildPhase section */

/* Begin PBXTargetDependency section */
		B5FE4B26109FC47500E1608F /* PBXTargetDependency */ = {
			isa = PBXTargetDependency;
			target = B5FE4AF8109FBBC600E1608F /* zip */;
			targetProxy = B5FE4B25109FC47500E1608F /* PBXContainerItemProxy */;
		};
		B5FE4B6B109FD8B500E1608F /* PBXTargetDependency */ = {
			isa = PBXTargetDependency;
			target = B5FE4B64109FD88600E1608F /* p7zip */;
			targetProxy = B5FE4B6A109FD8B500E1608F /* PBXContainerItemProxy */;
		};
/* End PBXTargetDependency section */

/* Begin PBXVariantGroup section */
		B545ACAC109C342C009CDDE0 /* CleanArchiverHelp */ = {
			isa = PBXVariantGroup;
			children = (
				B545ACBE109C34C5009CDDE0 /* English */,
				B545ACAD109C342C009CDDE0 /* Japanese */,
			);
			name = CleanArchiverHelp;
			sourceTree = "<group>";
		};
		B5F43A9C109C3298000150B6 /* InfoPlist.strings */ = {
			isa = PBXVariantGroup;
			children = (
				B5F43A9D109C3298000150B6 /* English */,
				B5F43AC3109C3298000150B6 /* Japanese */,
			);
			name = InfoPlist.strings;
			path = CleanArchiver/Localized;
			sourceTree = "<group>";
		};
		B5F43A9E109C3298000150B6 /* Localizable.strings */ = {
			isa = PBXVariantGroup;
			children = (
				B5F43A9F109C3298000150B6 /* English */,
				B5F43AC4109C3298000150B6 /* Japanese */,
			);
			name = Localizable.strings;
			path = CleanArchiver/Localized;
			sourceTree = "<group>";
		};
		B5F43AA0109C3298000150B6 /* MainMenu.nib */ = {
			isa = PBXVariantGroup;
			children = (
				B5F43AA1109C3298000150B6 /* English */,
				B5F43AC5109C3298000150B6 /* Japanese */,
			);
			name = MainMenu.nib;
			path = CleanArchiver/Localized;
			sourceTree = "<group>";
		};
/* End PBXVariantGroup section */

/* Begin XCBuildConfiguration section */
		B535A1F0097A4F430018C1F1 /* Release */ = {
			isa = XCBuildConfiguration;
			buildSettings = {
				COPY_PHASE_STRIP = YES;
				CURRENT_PROJECT_VERSION = 37;
				DYLIB_COMPATIBILITY_VERSION = "";
				DYLIB_CURRENT_VERSION = 37;
				FRAMEWORK_SEARCH_PATHS = (
					"$(inherited)",
					"$(FRAMEWORK_SEARCH_PATHS_QUOTED_FOR_TARGET_1)",
				);
				FRAMEWORK_SEARCH_PATHS_QUOTED_FOR_TARGET_1 = "\"$(SRCROOT)\"";
				GCC_ENABLE_FIX_AND_CONTINUE = NO;
				GCC_ENABLE_TRIGRAPHS = NO;
				GCC_GENERATE_DEBUGGING_SYMBOLS = NO;
				GCC_MODEL_PPC64 = NO;
				GCC_PRECOMPILE_PREFIX_HEADER = YES;
				GCC_PREFIX_HEADER = CleanArchiver/CleanArchiver_Prefix.pch;
				GCC_WARN_ABOUT_MISSING_PROTOTYPES = NO;
				GCC_WARN_FOUR_CHARACTER_CONSTANTS = NO;
				GCC_WARN_UNKNOWN_PRAGMAS = NO;
				HEADER_SEARCH_PATHS = "";
				INFOPLIST_FILE = CleanArchiver/Info.plist;
				INSTALL_PATH = "$(HOME)/Applications";
				LIBRARY_SEARCH_PATHS = "";
				OTHER_CFLAGS = "";
				OTHER_LDFLAGS = "";
				PRODUCT_NAME = CleanArchiver;
				SECTORDER_FLAGS = "";
				VERSIONING_SYSTEM = "apple-generic";
				WARNING_CFLAGS = "";
				WRAPPER_EXTENSION = app;
				ZERO_LINK = NO;
			};
			name = Release;
		};
		B535A1F1097A4F430018C1F1 /* Release */ = {
			isa = XCBuildConfiguration;
			buildSettings = {
				ARCHS = "$(ARCHS_STANDARD_32_BIT)";
				GCC_WARN_ABOUT_RETURN_TYPE = YES;
				GCC_WARN_UNUSED_VARIABLE = YES;
				MACOSX_DEPLOYMENT_TARGET = 10.4;
				PREBINDING = NO;
				SDKROOT = macosx10.5;
			};
			name = Release;
		};
		B5EA5CE508F15FD40064B72D /* Debug */ = {
			isa = XCBuildConfiguration;
			buildSettings = {
				COPY_PHASE_STRIP = NO;
				CURRENT_PROJECT_VERSION = 37;
				DYLIB_COMPATIBILITY_VERSION = "";
				DYLIB_CURRENT_VERSION = 37;
				FRAMEWORK_SEARCH_PATHS = (
					"$(inherited)",
					"$(FRAMEWORK_SEARCH_PATHS_QUOTED_FOR_TARGET_1)",
				);
				FRAMEWORK_SEARCH_PATHS_QUOTED_FOR_TARGET_1 = "\"$(SRCROOT)\"";
				GCC_DYNAMIC_NO_PIC = NO;
				GCC_ENABLE_FIX_AND_CONTINUE = YES;
				GCC_ENABLE_TRIGRAPHS = NO;
				GCC_GENERATE_DEBUGGING_SYMBOLS = YES;
				GCC_MODEL_PPC64 = NO;
				GCC_OPTIMIZATION_LEVEL = 0;
				GCC_PRECOMPILE_PREFIX_HEADER = YES;
				GCC_PREFIX_HEADER = CleanArchiver/CleanArchiver_Prefix.pch;
				GCC_WARN_ABOUT_MISSING_PROTOTYPES = NO;
				GCC_WARN_FOUR_CHARACTER_CONSTANTS = NO;
				GCC_WARN_UNKNOWN_PRAGMAS = NO;
				HEADER_SEARCH_PATHS = "";
				INFOPLIST_FILE = CleanArchiver/Info.plist;
				INSTALL_PATH = "$(HOME)/Applications";
				LIBRARY_SEARCH_PATHS = "";
				OTHER_CFLAGS = "";
				OTHER_LDFLAGS = "";
				PRODUCT_NAME = CleanArchiver;
				SECTORDER_FLAGS = "";
				VERSIONING_SYSTEM = "apple-generic";
				WARNING_CFLAGS = "";
				WRAPPER_EXTENSION = app;
				ZERO_LINK = YES;
			};
			name = Debug;
		};
		B5EA5CE908F15FD40064B72D /* Debug */ = {
			isa = XCBuildConfiguration;
			buildSettings = {
				ARCHS = "$(ARCHS_STANDARD_32_BIT)";
				GCC_WARN_ABOUT_RETURN_TYPE = YES;
				GCC_WARN_UNUSED_VARIABLE = YES;
				MACOSX_DEPLOYMENT_TARGET = 10.4;
				PREBINDING = NO;
				SDKROOT = macosx10.5;
			};
			name = Debug;
		};
		B5FE4AF9109FBBC700E1608F /* Debug */ = {
			isa = XCBuildConfiguration;
			buildSettings = {
				COPY_PHASE_STRIP = NO;
				GCC_DYNAMIC_NO_PIC = NO;
				GCC_OPTIMIZATION_LEVEL = 0;
				PRODUCT_NAME = zip;
			};
			name = Debug;
		};
		B5FE4AFA109FBBC700E1608F /* Release */ = {
			isa = XCBuildConfiguration;
			buildSettings = {
				COPY_PHASE_STRIP = YES;
				DEBUG_INFORMATION_FORMAT = "dwarf-with-dsym";
				GCC_ENABLE_FIX_AND_CONTINUE = NO;
				PRODUCT_NAME = zip;
				ZERO_LINK = NO;
			};
			name = Release;
		};
		B5FE4B65109FD88600E1608F /* Debug */ = {
			isa = XCBuildConfiguration;
			buildSettings = {
				COPY_PHASE_STRIP = NO;
				GCC_DYNAMIC_NO_PIC = NO;
				GCC_OPTIMIZATION_LEVEL = 0;
				PRODUCT_NAME = p7zip;
			};
			name = Debug;
		};
		B5FE4B66109FD88600E1608F /* Release */ = {
			isa = XCBuildConfiguration;
			buildSettings = {
				COPY_PHASE_STRIP = YES;
				DEBUG_INFORMATION_FORMAT = "dwarf-with-dsym";
				GCC_ENABLE_FIX_AND_CONTINUE = NO;
				PRODUCT_NAME = p7zip;
				ZERO_LINK = NO;
			};
			name = Release;
		};
/* End XCBuildConfiguration section */

/* Begin XCConfigurationList section */
		B5EA5CE408F15FD40064B72D /* Build configuration list for PBXNativeTarget "CleanArchiver" */ = {
			isa = XCConfigurationList;
			buildConfigurations = (
				B5EA5CE508F15FD40064B72D /* Debug */,
				B535A1F0097A4F430018C1F1 /* Release */,
			);
			defaultConfigurationIsVisible = 0;
			defaultConfigurationName = Debug;
		};
		B5EA5CE808F15FD40064B72D /* Build configuration list for PBXProject "CleanArchiver" */ = {
			isa = XCConfigurationList;
			buildConfigurations = (
				B5EA5CE908F15FD40064B72D /* Debug */,
				B535A1F1097A4F430018C1F1 /* Release */,
			);
			defaultConfigurationIsVisible = 0;
			defaultConfigurationName = Debug;
		};
		B5FE4AFB109FBBCB00E1608F /* Build configuration list for PBXAggregateTarget "zip" */ = {
			isa = XCConfigurationList;
			buildConfigurations = (
				B5FE4AF9109FBBC700E1608F /* Debug */,
				B5FE4AFA109FBBC700E1608F /* Release */,
			);
			defaultConfigurationIsVisible = 0;
			defaultConfigurationName = Debug;
		};
		B5FE4B69109FD89200E1608F /* Build configuration list for PBXAggregateTarget "p7zip" */ = {
			isa = XCConfigurationList;
			buildConfigurations = (
				B5FE4B65109FD88600E1608F /* Debug */,
				B5FE4B66109FD88600E1608F /* Release */,
			);
			defaultConfigurationIsVisible = 0;
			defaultConfigurationName = Debug;
		};
/* End XCConfigurationList section */
	};
	rootObject = 29B97313FDCFA39411CA2CEA /* Project object */;
}
