// !$*UTF8*$!
{
	archiveVersion = 1;
	classes = {
	};
	objectVersion = 45;
	objects = {

/* Begin PBXAggregateTarget section */
		B5FE4AF8109FBBC600E1608F /* zip */ = {
			isa = PBXAggregateTarget;
			buildConfigurationList = B5FE4AFB109FBBCB00E1608F /* Build configuration list for PBXAggregateTarget "zip" */;
			buildPhases = (
				B5FE4AFE109FBC3800E1608F /* ShellScript */,
			);
			dependencies = (
			);
			name = zip;
			productName = zip;
		};
/* End PBXAggregateTarget section */

/* Begin PBXAppleScriptBuildPhase section */
		B58DD5B607BF466600A6D878 /* AppleScript */ = {
			isa = PBXAppleScriptBuildPhase;
			buildActionMask = 2147483647;
			contextName = "";
			files = (
			);
			isSharedContext = 0;
			runOnlyForDeploymentPostprocessing = 0;
		};
/* End PBXAppleScriptBuildPhase section */

/* Begin PBXBuildFile section */
		8D11072F0486CEB800E47090 /* Cocoa.framework in Frameworks */ = {isa = PBXBuildFile; fileRef = 1058C7A1FEA54F0111CA2CBB /* Cocoa.framework */; };
		B52758EE2351D2E7006B2FAB /* Images.xcassets in Resources */ = {isa = PBXBuildFile; fileRef = B52758ED2351D2E7006B2FAB /* Images.xcassets */; };
		B52758FD2351E658006B2FAB /* MainMenu.xib in Resources */ = {isa = PBXBuildFile; fileRef = B52758FB2351E657006B2FAB /* MainMenu.xib */; };
		B527590123520A78006B2FAB /* Sparkle.framework in Frameworks */ = {isa = PBXBuildFile; fileRef = B527590023520A78006B2FAB /* Sparkle.framework */; };
		B527590223520ACB006B2FAB /* Sparkle.framework in Copy Files */ = {isa = PBXBuildFile; fileRef = B527590023520A78006B2FAB /* Sparkle.framework */; settings = {ATTRIBUTES = (CodeSignOnCopy, RemoveHeadersOnCopy, ); }; };
		B536BA42109C2BB6003C7479 /* CleanArchiver_Prefix.pch in Headers */ = {isa = PBXBuildFile; fileRef = B536BA41109C2BB6003C7479 /* CleanArchiver_Prefix.pch */; };
		B536BA51109C2D1C003C7479 /* main.m in Sources */ = {isa = PBXBuildFile; fileRef = B536BA50109C2D1C003C7479 /* main.m */; };
		B536BA76109C2D7F003C7479 /* CAController.h in Headers */ = {isa = PBXBuildFile; fileRef = B536BA63109C2D7F003C7479 /* CAController.h */; };
		B536BA77109C2D7F003C7479 /* CAController.m in Sources */ = {isa = PBXBuildFile; fileRef = B536BA64109C2D7F003C7479 /* CAController.m */; };
		B536BA78109C2D7F003C7479 /* CAView.h in Headers */ = {isa = PBXBuildFile; fileRef = B536BA65109C2D7F003C7479 /* CAView.h */; };
		B536BA79109C2D7F003C7479 /* CAView.m in Sources */ = {isa = PBXBuildFile; fileRef = B536BA66109C2D7F003C7479 /* CAView.m */; };
		B536BA94109C2EBB003C7479 /* mkdmg in Resources */ = {isa = PBXBuildFile; fileRef = B536BA91109C2EBB003C7479 /* mkdmg */; };
		B536BA98109C2F47003C7479 /* bgactive.png in Resources */ = {isa = PBXBuildFile; fileRef = B536BA90109C2EBB003C7479 /* bgactive.png */; };
		B536BA9E109C2F5A003C7479 /* version.plist in Resources */ = {isa = PBXBuildFile; fileRef = B536BA9C109C2F5A003C7479 /* version.plist */; };
		B545ACB9109C342C009CDDE0 /* CleanArchiverHelp in Resources */ = {isa = PBXBuildFile; fileRef = B545ACAC109C342C009CDDE0 /* CleanArchiverHelp */; };
		B553E421109DC60C009DDDA0 /* Carc.h in Headers */ = {isa = PBXBuildFile; fileRef = B553E41F109DC60C009DDDA0 /* Carc.h */; };
		B553E422109DC60C009DDDA0 /* Carc.m in Sources */ = {isa = PBXBuildFile; fileRef = B553E420109DC60C009DDDA0 /* Carc.m */; };
		B56CCAE3109D680A00993EE9 /* carc in Resources */ = {isa = PBXBuildFile; fileRef = B56CCAE2109D680A00993EE9 /* carc */; };
		B58986E310B19AED00C67219 /* License-zip.txt in Resources */ = {isa = PBXBuildFile; fileRef = B58986E210B19AED00C67219 /* License-zip.txt */; };
		B5B4F57E2830D7B6000BB477 /* bg.png in Resources */ = {isa = PBXBuildFile; fileRef = B5B4F57D2830D7B6000BB477 /* bg.png */; };
		B5F43ACC109C3298000150B6 /* InfoPlist.strings in Resources */ = {isa = PBXBuildFile; fileRef = B5F43A9C109C3298000150B6 /* InfoPlist.strings */; };
		B5F43ACD109C3298000150B6 /* Localizable.strings in Resources */ = {isa = PBXBuildFile; fileRef = B5F43A9E109C3298000150B6 /* Localizable.strings */; };
		B5FE4B3D109FD2DC00E1608F /* zip in Resources */ = {isa = PBXBuildFile; fileRef = B5FE4B3C109FD2DB00E1608F /* zip */; };
/* End PBXBuildFile section */

/* Begin PBXContainerItemProxy section */
		B5FE4B25109FC47500E1608F /* PBXContainerItemProxy */ = {
			isa = PBXContainerItemProxy;
			containerPortal = 29B97313FDCFA39411CA2CEA /* Project object */;
			proxyType = 1;
			remoteGlobalIDString = B5FE4AF8109FBBC600E1608F;
			remoteInfo = zip;
		};
/* End PBXContainerItemProxy section */

/* Begin PBXCopyFilesBuildPhase section */
		B516A23F109C8CB70039610F /* Copy Files */ = {
			isa = PBXCopyFilesBuildPhase;
			buildActionMask = 2147483647;
			dstPath = "";
			dstSubfolderSpec = 10;
			files = (
				B527590223520ACB006B2FAB /* Sparkle.framework in Copy Files */,
			);
			name = "Copy Files";
			runOnlyForDeploymentPostprocessing = 0;
		};
/* End PBXCopyFilesBuildPhase section */

/* Begin PBXFileReference section */
		1058C7A1FEA54F0111CA2CBB /* Cocoa.framework */ = {isa = PBXFileReference; lastKnownFileType = wrapper.framework; name = Cocoa.framework; path = /System/Library/Frameworks/Cocoa.framework; sourceTree = "<absolute>"; };
		29B97324FDCFA39411CA2CEA /* AppKit.framework */ = {isa = PBXFileReference; lastKnownFileType = wrapper.framework; name = AppKit.framework; path = /System/Library/Frameworks/AppKit.framework; sourceTree = "<absolute>"; };
		29B97325FDCFA39411CA2CEA /* Foundation.framework */ = {isa = PBXFileReference; lastKnownFileType = wrapper.framework; name = Foundation.framework; path = /System/Library/Frameworks/Foundation.framework; sourceTree = "<absolute>"; };
		8D1107320486CEB800E47090 /* CleanArchiver.app */ = {isa = PBXFileReference; explicitFileType = wrapper.application; includeInIndex = 0; path = CleanArchiver.app; sourceTree = BUILT_PRODUCTS_DIR; };
		B52758ED2351D2E7006B2FAB /* Images.xcassets */ = {isa = PBXFileReference; lastKnownFileType = folder.assetcatalog; name = Images.xcassets; path = CleanArchiver/Images.xcassets; sourceTree = "<group>"; };
		B52758EF2351D532006B2FAB /* en */ = {isa = PBXFileReference; lastKnownFileType = folder; name = en; path = CleanArchiver/Localized/en.lproj/CleanArchiverHelp; sourceTree = "<group>"; };
		B52758F02351D532006B2FAB /* en */ = {isa = PBXFileReference; lastKnownFileType = text.plist.strings; name = en; path = en.lproj/InfoPlist.strings; sourceTree = "<group>"; };
		B52758F12351D532006B2FAB /* en */ = {isa = PBXFileReference; lastKnownFileType = text.plist.strings; name = en; path = en.lproj/Localizable.strings; sourceTree = "<group>"; };
		B52758F32351D536006B2FAB /* ja */ = {isa = PBXFileReference; lastKnownFileType = folder; name = ja; path = CleanArchiver/Localized/ja.lproj/CleanArchiverHelp; sourceTree = "<group>"; };
		B52758F42351D536006B2FAB /* ja */ = {isa = PBXFileReference; lastKnownFileType = text.plist.strings; name = ja; path = ja.lproj/InfoPlist.strings; sourceTree = "<group>"; };
		B52758F52351D536006B2FAB /* ja */ = {isa = PBXFileReference; lastKnownFileType = text.plist.strings; name = ja; path = ja.lproj/Localizable.strings; sourceTree = "<group>"; };
		B52758FC2351E657006B2FAB /* en */ = {isa = PBXFileReference; lastKnownFileType = file.xib; name = en; path = CleanArchiver/Localized/en.lproj/MainMenu.xib; sourceTree = "<group>"; };
		B52758FE2351E661006B2FAB /* ja */ = {isa = PBXFileReference; lastKnownFileType = file.xib; name = ja; path = CleanArchiver/Localized/ja.lproj/MainMenu.xib; sourceTree = "<group>"; };
		B527590023520A78006B2FAB /* Sparkle.framework */ = {isa = PBXFileReference; lastKnownFileType = wrapper.framework; path = Sparkle.framework; sourceTree = "<group>"; };
		B536BA15109C1ED1003C7479 /* Info.plist */ = {isa = PBXFileReference; fileEncoding = 4; lastKnownFileType = text.plist.xml; name = Info.plist; path = CleanArchiver/Info.plist; sourceTree = "<group>"; };
		B536BA41109C2BB6003C7479 /* CleanArchiver_Prefix.pch */ = {isa = PBXFileReference; fileEncoding = 4; lastKnownFileType = sourcecode.c.h; name = CleanArchiver_Prefix.pch; path = CleanArchiver/CleanArchiver_Prefix.pch; sourceTree = "<group>"; };
		B536BA50109C2D1C003C7479 /* main.m */ = {isa = PBXFileReference; fileEncoding = 4; lastKnownFileType = sourcecode.c.objc; name = main.m; path = CleanArchiver/main.m; sourceTree = "<group>"; };
		B536BA63109C2D7F003C7479 /* CAController.h */ = {isa = PBXFileReference; fileEncoding = 4; lastKnownFileType = sourcecode.c.h; name = CAController.h; path = CleanArchiver/CAController.h; sourceTree = "<group>"; };
		B536BA64109C2D7F003C7479 /* CAController.m */ = {isa = PBXFileReference; fileEncoding = 4; lastKnownFileType = sourcecode.c.objc; name = CAController.m; path = CleanArchiver/CAController.m; sourceTree = "<group>"; };
		B536BA65109C2D7F003C7479 /* CAView.h */ = {isa = PBXFileReference; fileEncoding = 4; lastKnownFileType = sourcecode.c.h; name = CAView.h; path = CleanArchiver/CAView.h; sourceTree = "<group>"; };
		B536BA66109C2D7F003C7479 /* CAView.m */ = {isa = PBXFileReference; fileEncoding = 4; lastKnownFileType = sourcecode.c.objc; name = CAView.m; path = CleanArchiver/CAView.m; sourceTree = "<group>"; };
		B536BA90109C2EBB003C7479 /* bgactive.png */ = {isa = PBXFileReference; lastKnownFileType = image.png; name = bgactive.png; path = CleanArchiver/bgactive.png; sourceTree = "<group>"; };
		B536BA91109C2EBB003C7479 /* mkdmg */ = {isa = PBXFileReference; fileEncoding = 4; lastKnownFileType = text.script.perl; name = mkdmg; path = CleanArchiver/mkdmg; sourceTree = "<group>"; };
		B536BA9B109C2F5A003C7479 /* README.txt */ = {isa = PBXFileReference; fileEncoding = 4; lastKnownFileType = text; name = README.txt; path = CleanArchiver/README.txt; sourceTree = "<group>"; };
		B536BA9C109C2F5A003C7479 /* version.plist */ = {isa = PBXFileReference; fileEncoding = 4; lastKnownFileType = text.plist.xml; name = version.plist; path = CleanArchiver/version.plist; sourceTree = "<group>"; };
		B553E41F109DC60C009DDDA0 /* Carc.h */ = {isa = PBXFileReference; fileEncoding = 4; lastKnownFileType = sourcecode.c.h; name = Carc.h; path = CleanArchiver/Carc.h; sourceTree = "<group>"; };
		B553E420109DC60C009DDDA0 /* Carc.m */ = {isa = PBXFileReference; fileEncoding = 4; lastKnownFileType = sourcecode.c.objc; name = Carc.m; path = CleanArchiver/Carc.m; sourceTree = "<group>"; };
		B56CCAE2109D680A00993EE9 /* carc */ = {isa = PBXFileReference; fileEncoding = 4; lastKnownFileType = text.script.ruby; name = carc; path = CleanArchiver/carc; sourceTree = "<group>"; };
		B58986E210B19AED00C67219 /* License-zip.txt */ = {isa = PBXFileReference; fileEncoding = 4; lastKnownFileType = text; name = "License-zip.txt"; path = "zip/License-zip.txt"; sourceTree = "<group>"; };
		B5B4F57D2830D7B6000BB477 /* bg.png */ = {isa = PBXFileReference; lastKnownFileType = image.png; name = bg.png; path = CleanArchiver/bg.png; sourceTree = "<group>"; };
		B5FE4B3C109FD2DB00E1608F /* zip */ = {isa = PBXFileReference; lastKnownFileType = "compiled.mach-o.executable"; name = zip; path = zip/zip; sourceTree = "<group>"; };
/* End PBXFileReference section */

/* Begin PBXFrameworksBuildPhase section */
		8D11072E0486CEB800E47090 /* Frameworks */ = {
			isa = PBXFrameworksBuildPhase;
			buildActionMask = 2147483647;
			files = (
				8D11072F0486CEB800E47090 /* Cocoa.framework in Frameworks */,
				B527590123520A78006B2FAB /* Sparkle.framework in Frameworks */,
			);
			runOnlyForDeploymentPostprocessing = 0;
		};
/* End PBXFrameworksBuildPhase section */

/* Begin PBXGroup section */
		080E96DDFE201D6D7F000001 /* Classes */ = {
			isa = PBXGroup;
			children = (
				B536BA63109C2D7F003C7479 /* CAController.h */,
				B536BA64109C2D7F003C7479 /* CAController.m */,
				B536BA65109C2D7F003C7479 /* CAView.h */,
				B536BA66109C2D7F003C7479 /* CAView.m */,
				B553E41F109DC60C009DDDA0 /* Carc.h */,
				B553E420109DC60C009DDDA0 /* Carc.m */,
			);
			name = Classes;
			sourceTree = "<group>";
		};
		1058C7A0FEA54F0111CA2CBB /* Linked Frameworks */ = {
			isa = PBXGroup;
			children = (
				1058C7A1FEA54F0111CA2CBB /* Cocoa.framework */,
			);
			name = "Linked Frameworks";
			sourceTree = "<group>";
		};
		1058C7A2FEA54F0111CA2CBB /* Other Frameworks */ = {
			isa = PBXGroup;
			children = (
				29B97325FDCFA39411CA2CEA /* Foundation.framework */,
				29B97324FDCFA39411CA2CEA /* AppKit.framework */,
			);
			name = "Other Frameworks";
			sourceTree = "<group>";
		};
		29B97314FDCFA39411CA2CEA /* CleanArchiver */ = {
			isa = PBXGroup;
			children = (
				080E96DDFE201D6D7F000001 /* Classes */,
				29B97315FDCFA39411CA2CEA /* Other Sources */,
				29B97317FDCFA39411CA2CEA /* Resources */,
				29B97323FDCFA39411CA2CEA /* Frameworks */,
				B59E55C407C435CB003F8060 /* Products */,
				B536BA9B109C2F5A003C7479 /* README.txt */,
			);
			name = CleanArchiver;
			sourceTree = "<group>";
		};
		29B97315FDCFA39411CA2CEA /* Other Sources */ = {
			isa = PBXGroup;
			children = (
				B536BA41109C2BB6003C7479 /* CleanArchiver_Prefix.pch */,
				B536BA50109C2D1C003C7479 /* main.m */,
			);
			name = "Other Sources";
			sourceTree = "<group>";
		};
		29B97317FDCFA39411CA2CEA /* Resources */ = {
			isa = PBXGroup;
			children = (
				B52758ED2351D2E7006B2FAB /* Images.xcassets */,
				B5B4F57D2830D7B6000BB477 /* bg.png */,
				B536BA90109C2EBB003C7479 /* bgactive.png */,
				B56CCAE2109D680A00993EE9 /* carc */,
				B545ACAC109C342C009CDDE0 /* CleanArchiverHelp */,
				B536BA15109C1ED1003C7479 /* Info.plist */,
				B5F43A9C109C3298000150B6 /* InfoPlist.strings */,
				B58986E210B19AED00C67219 /* License-zip.txt */,
				B5F43A9E109C3298000150B6 /* Localizable.strings */,
				B52758FB2351E657006B2FAB /* MainMenu.xib */,
				B536BA91109C2EBB003C7479 /* mkdmg */,
				B536BA9C109C2F5A003C7479 /* version.plist */,
				B5FE4B3C109FD2DB00E1608F /* zip */,
			);
			name = Resources;
			sourceTree = "<group>";
		};
		29B97323FDCFA39411CA2CEA /* Frameworks */ = {
			isa = PBXGroup;
			children = (
				B527590023520A78006B2FAB /* Sparkle.framework */,
				1058C7A0FEA54F0111CA2CBB /* Linked Frameworks */,
				1058C7A2FEA54F0111CA2CBB /* Other Frameworks */,
			);
			name = Frameworks;
			sourceTree = "<group>";
		};
		B59E55C407C435CB003F8060 /* Products */ = {
			isa = PBXGroup;
			children = (
				8D1107320486CEB800E47090 /* CleanArchiver.app */,
			);
			name = Products;
			sourceTree = "<group>";
		};
/* End PBXGroup section */

/* Begin PBXHeadersBuildPhase section */
		8D1107270486CEB800E47090 /* Headers */ = {
			isa = PBXHeadersBuildPhase;
			buildActionMask = 2147483647;
			files = (
				B536BA42109C2BB6003C7479 /* CleanArchiver_Prefix.pch in Headers */,
				B536BA76109C2D7F003C7479 /* CAController.h in Headers */,
				B536BA78109C2D7F003C7479 /* CAView.h in Headers */,
				B553E421109DC60C009DDDA0 /* Carc.h in Headers */,
			);
			runOnlyForDeploymentPostprocessing = 0;
		};
/* End PBXHeadersBuildPhase section */

/* Begin PBXNativeTarget section */
		8D1107260486CEB800E47090 /* CleanArchiver */ = {
			isa = PBXNativeTarget;
			buildConfigurationList = B5EA5CE408F15FD40064B72D /* Build configuration list for PBXNativeTarget "CleanArchiver" */;
			buildPhases = (
				8D1107270486CEB800E47090 /* Headers */,
				8D1107290486CEB800E47090 /* Resources */,
				8D11072C0486CEB800E47090 /* Sources */,
				8D11072E0486CEB800E47090 /* Frameworks */,
				B58DD5B607BF466600A6D878 /* AppleScript */,
				B516A23F109C8CB70039610F /* Copy Files */,
			);
			buildRules = (
			);
			dependencies = (
				B5FE4B26109FC47500E1608F /* PBXTargetDependency */,
			);
			name = CleanArchiver;
			productInstallPath = "$(HOME)/Applications";
			productName = CleanArchiver;
			productReference = 8D1107320486CEB800E47090 /* CleanArchiver.app */;
			productType = "com.apple.product-type.application";
		};
/* End PBXNativeTarget section */

/* Begin PBXProject section */
		29B97313FDCFA39411CA2CEA /* Project object */ = {
			isa = PBXProject;
			attributes = {
				LastUpgradeCheck = 1250;
			};
			buildConfigurationList = B5EA5CE808F15FD40064B72D /* Build configuration list for PBXProject "CleanArchiver" */;
			compatibilityVersion = "Xcode 3.1";
			developmentRegion = en;
			hasScannedForEncodings = 1;
			knownRegions = (
				en,
				Base,
				ja,
			);
			mainGroup = 29B97314FDCFA39411CA2CEA /* CleanArchiver */;
			projectDirPath = "";
			projectRoot = "";
			targets = (
				8D1107260486CEB800E47090 /* CleanArchiver */,
				B5FE4AF8109FBBC600E1608F /* zip */,
			);
		};
/* End PBXProject section */

/* Begin PBXResourcesBuildPhase section */
		8D1107290486CEB800E47090 /* Resources */ = {
			isa = PBXResourcesBuildPhase;
			buildActionMask = 2147483647;
			files = (
				B5B4F57E2830D7B6000BB477 /* bg.png in Resources */,
				B536BA94109C2EBB003C7479 /* mkdmg in Resources */,
				B52758EE2351D2E7006B2FAB /* Images.xcassets in Resources */,
				B536BA98109C2F47003C7479 /* bgactive.png in Resources */,
				B536BA9E109C2F5A003C7479 /* version.plist in Resources */,
				B5F43ACC109C3298000150B6 /* InfoPlist.strings in Resources */,
				B5F43ACD109C3298000150B6 /* Localizable.strings in Resources */,
				B545ACB9109C342C009CDDE0 /* CleanArchiverHelp in Resources */,
				B52758FD2351E658006B2FAB /* MainMenu.xib in Resources */,
				B56CCAE3109D680A00993EE9 /* carc in Resources */,
				B5FE4B3D109FD2DC00E1608F /* zip in Resources */,
				B58986E310B19AED00C67219 /* License-zip.txt in Resources */,
			);
			runOnlyForDeploymentPostprocessing = 0;
		};
/* End PBXResourcesBuildPhase section */

/* Begin PBXShellScriptBuildPhase section */
		B5FE4AFE109FBC3800E1608F /* ShellScript */ = {
			isa = PBXShellScriptBuildPhase;
			buildActionMask = 2147483647;
			files = (
			);
			inputPaths = (
			);
			outputPaths = (
			);
			runOnlyForDeploymentPostprocessing = 0;
			shellPath = /bin/sh;
			shellScript = "cd zip\n\n[ -e \"zip\" ] && exit 0\n\nfor arch in ${ARCHS}; do\n  build_dir=../build/${arch}\n  mkdir -p ${build_dir}\n\n  make -f unix/Makefile clean\n  make -f unix/Makefile macosx ARCH=${arch}\n  cp zip ${build_dir}\ndone\n\nlipo -create ../build/*/zip -output zip\ncp LICENSE License-zip.txt\n\necho \"Done\"\nexit 0\n";
		};
/* End PBXShellScriptBuildPhase section */

/* Begin PBXSourcesBuildPhase section */
		8D11072C0486CEB800E47090 /* Sources */ = {
			isa = PBXSourcesBuildPhase;
			buildActionMask = 2147483647;
			files = (
				B536BA51109C2D1C003C7479 /* main.m in Sources */,
				B536BA77109C2D7F003C7479 /* CAController.m in Sources */,
				B536BA79109C2D7F003C7479 /* CAView.m in Sources */,
				B553E422109DC60C009DDDA0 /* Carc.m in Sources */,
			);
			runOnlyForDeploymentPostprocessing = 0;
		};
/* End PBXSourcesBuildPhase section */

/* Begin PBXTargetDependency section */
		B5FE4B26109FC47500E1608F /* PBXTargetDependency */ = {
			isa = PBXTargetDependency;
			target = B5FE4AF8109FBBC600E1608F /* zip */;
			targetProxy = B5FE4B25109FC47500E1608F /* PBXContainerItemProxy */;
		};
/* End PBXTargetDependency section */

/* Begin PBXVariantGroup section */
		B52758FB2351E657006B2FAB /* MainMenu.xib */ = {
			isa = PBXVariantGroup;
			children = (
				B52758FC2351E657006B2FAB /* en */,
				B52758FE2351E661006B2FAB /* ja */,
			);
			name = MainMenu.xib;
			sourceTree = "<group>";
		};
		B545ACAC109C342C009CDDE0 /* CleanArchiverHelp */ = {
			isa = PBXVariantGroup;
			children = (
				B52758EF2351D532006B2FAB /* en */,
				B52758F32351D536006B2FAB /* ja */,
			);
			name = CleanArchiverHelp;
			sourceTree = "<group>";
		};
		B5F43A9C109C3298000150B6 /* InfoPlist.strings */ = {
			isa = PBXVariantGroup;
			children = (
				B52758F02351D532006B2FAB /* en */,
				B52758F42351D536006B2FAB /* ja */,
			);
			name = InfoPlist.strings;
			path = CleanArchiver/Localized;
			sourceTree = "<group>";
		};
		B5F43A9E109C3298000150B6 /* Localizable.strings */ = {
			isa = PBXVariantGroup;
			children = (
				B52758F12351D532006B2FAB /* en */,
				B52758F52351D536006B2FAB /* ja */,
			);
			name = Localizable.strings;
			path = CleanArchiver/Localized;
			sourceTree = "<group>";
		};
/* End PBXVariantGroup section */

/* Begin XCBuildConfiguration section */
		B535A1F0097A4F430018C1F1 /* Release */ = {
			isa = XCBuildConfiguration;
			buildSettings = {
				ASSETCATALOG_COMPILER_APPICON_NAME = AppIcon;
				CLANG_ENABLE_OBJC_WEAK = YES;
				CODE_SIGN_IDENTITY = "-";
				COPY_PHASE_STRIP = YES;
				CURRENT_PROJECT_VERSION = 40;
				DYLIB_COMPATIBILITY_VERSION = "";
				DYLIB_CURRENT_VERSION = 39;
				FRAMEWORK_SEARCH_PATHS = (
					"$(inherited)",
					"$(FRAMEWORK_SEARCH_PATHS_QUOTED_FOR_TARGET_1)",
					"$(PROJECT_DIR)",
				);
				FRAMEWORK_SEARCH_PATHS_QUOTED_FOR_TARGET_1 = "\"$(SRCROOT)\"";
				GCC_ENABLE_TRIGRAPHS = NO;
				GCC_GENERATE_DEBUGGING_SYMBOLS = NO;
				GCC_MODEL_PPC64 = NO;
				GCC_PRECOMPILE_PREFIX_HEADER = YES;
				GCC_PREFIX_HEADER = CleanArchiver/CleanArchiver_Prefix.pch;
				GCC_WARN_ABOUT_MISSING_PROTOTYPES = NO;
				GCC_WARN_FOUR_CHARACTER_CONSTANTS = NO;
				GCC_WARN_UNKNOWN_PRAGMAS = NO;
				HEADER_SEARCH_PATHS = "";
				INFOPLIST_FILE = CleanArchiver/Info.plist;
				INSTALL_PATH = "$(HOME)/Applications";
				"LD_RUNPATH_SEARCH_PATHS[arch=*]" = "@loader_path/../Frameworks";
				LIBRARY_SEARCH_PATHS = "";
				MACOSX_DEPLOYMENT_TARGET = 10.9;
				MARKETING_VERSION = 3.0a8;
				OTHER_CFLAGS = "";
				OTHER_LDFLAGS = "";
				PRODUCT_BUNDLE_IDENTIFIER = jp.sopht.CleanArchiver;
				PRODUCT_NAME = CleanArchiver;
				SECTORDER_FLAGS = "";
				VALID_ARCHS = x86_64;
				VERSIONING_SYSTEM = "apple-generic";
				WARNING_CFLAGS = "";
				WRAPPER_EXTENSION = app;
				ZERO_LINK = NO;
			};
			name = Release;
		};
		B535A1F1097A4F430018C1F1 /* Release */ = {
			isa = XCBuildConfiguration;
			buildSettings = {
				CLANG_ANALYZER_LOCALIZABILITY_NONLOCALIZED = YES;
				CLANG_ENABLE_OBJC_WEAK = NO;
				CLANG_WARN_BLOCK_CAPTURE_AUTORELEASING = YES;
				CLANG_WARN_BOOL_CONVERSION = YES;
				CLANG_WARN_COMMA = YES;
				CLANG_WARN_CONSTANT_CONVERSION = YES;
				CLANG_WARN_DEPRECATED_OBJC_IMPLEMENTATIONS = YES;
				CLANG_WARN_EMPTY_BODY = YES;
				CLANG_WARN_ENUM_CONVERSION = YES;
				CLANG_WARN_INFINITE_RECURSION = YES;
				CLANG_WARN_INT_CONVERSION = YES;
				CLANG_WARN_NON_LITERAL_NULL_CONVERSION = YES;
				CLANG_WARN_OBJC_IMPLICIT_RETAIN_SELF = YES;
				CLANG_WARN_OBJC_LITERAL_CONVERSION = YES;
				CLANG_WARN_OBJC_REPEATED_USE_OF_WEAK = NO;
				CLANG_WARN_QUOTED_INCLUDE_IN_FRAMEWORK_HEADER = YES;
				CLANG_WARN_RANGE_LOOP_ANALYSIS = YES;
				CLANG_WARN_STRICT_PROTOTYPES = YES;
				CLANG_WARN_SUSPICIOUS_MOVE = YES;
				CLANG_WARN_UNREACHABLE_CODE = YES;
				CLANG_WARN__DUPLICATE_METHOD_MATCH = YES;
				ENABLE_STRICT_OBJC_MSGSEND = YES;
				GCC_NO_COMMON_BLOCKS = YES;
				GCC_WARN_64_TO_32_BIT_CONVERSION = YES;
				GCC_WARN_ABOUT_RETURN_TYPE = YES_ERROR;
				GCC_WARN_UNDECLARED_SELECTOR = YES;
				GCC_WARN_UNINITIALIZED_AUTOS = YES;
				GCC_WARN_UNUSED_FUNCTION = YES;
				GCC_WARN_UNUSED_VARIABLE = YES;
				MACOSX_DEPLOYMENT_TARGET = 10.6;
				SDKROOT = macosx;
				VALID_ARCHS = x86_64;
			};
			name = Release;
		};
		B5EA5CE508F15FD40064B72D /* Debug */ = {
			isa = XCBuildConfiguration;
			buildSettings = {
				ASSETCATALOG_COMPILER_APPICON_NAME = AppIcon;
				CLANG_ENABLE_OBJC_WEAK = YES;
				CODE_SIGN_IDENTITY = "-";
				COPY_PHASE_STRIP = NO;
				CURRENT_PROJECT_VERSION = 40;
				DYLIB_COMPATIBILITY_VERSION = "";
				DYLIB_CURRENT_VERSION = 39;
				FRAMEWORK_SEARCH_PATHS = (
					"$(inherited)",
					"$(FRAMEWORK_SEARCH_PATHS_QUOTED_FOR_TARGET_1)",
					"$(PROJECT_DIR)",
				);
				FRAMEWORK_SEARCH_PATHS_QUOTED_FOR_TARGET_1 = "\"$(SRCROOT)\"";
				GCC_DYNAMIC_NO_PIC = NO;
				GCC_ENABLE_TRIGRAPHS = NO;
				GCC_GENERATE_DEBUGGING_SYMBOLS = YES;
				GCC_MODEL_PPC64 = NO;
				GCC_OPTIMIZATION_LEVEL = 0;
				GCC_PRECOMPILE_PREFIX_HEADER = YES;
				GCC_PREFIX_HEADER = CleanArchiver/CleanArchiver_Prefix.pch;
				GCC_WARN_ABOUT_MISSING_PROTOTYPES = NO;
				GCC_WARN_FOUR_CHARACTER_CONSTANTS = NO;
				GCC_WARN_UNKNOWN_PRAGMAS = NO;
				HEADER_SEARCH_PATHS = "";
				INFOPLIST_FILE = CleanArchiver/Info.plist;
				INSTALL_PATH = "$(HOME)/Applications";
				"LD_RUNPATH_SEARCH_PATHS[arch=*]" = "@loader_path/../Frameworks";
				LIBRARY_SEARCH_PATHS = "";
				MACOSX_DEPLOYMENT_TARGET = 10.9;
				MARKETING_VERSION = 3.0a8;
				OTHER_CFLAGS = "";
				OTHER_LDFLAGS = "";
				PRODUCT_BUNDLE_IDENTIFIER = jp.sopht.CleanArchiver;
				PRODUCT_NAME = CleanArchiver;
				SECTORDER_FLAGS = "";
				VALID_ARCHS = x86_64;
				VERSIONING_SYSTEM = "apple-generic";
				WARNING_CFLAGS = "";
				WRAPPER_EXTENSION = app;
				ZERO_LINK = YES;
			};
			name = Debug;
		};
		B5EA5CE908F15FD40064B72D /* Debug */ = {
			isa = XCBuildConfiguration;
			buildSettings = {
				CLANG_ANALYZER_LOCALIZABILITY_NONLOCALIZED = YES;
				CLANG_ENABLE_OBJC_WEAK = NO;
				CLANG_WARN_BLOCK_CAPTURE_AUTORELEASING = YES;
				CLANG_WARN_BOOL_CONVERSION = YES;
				CLANG_WARN_COMMA = YES;
				CLANG_WARN_CONSTANT_CONVERSION = YES;
				CLANG_WARN_DEPRECATED_OBJC_IMPLEMENTATIONS = YES;
				CLANG_WARN_EMPTY_BODY = YES;
				CLANG_WARN_ENUM_CONVERSION = YES;
				CLANG_WARN_INFINITE_RECURSION = YES;
				CLANG_WARN_INT_CONVERSION = YES;
				CLANG_WARN_NON_LITERAL_NULL_CONVERSION = YES;
				CLANG_WARN_OBJC_IMPLICIT_RETAIN_SELF = YES;
				CLANG_WARN_OBJC_LITERAL_CONVERSION = YES;
				CLANG_WARN_OBJC_REPEATED_USE_OF_WEAK = NO;
				CLANG_WARN_QUOTED_INCLUDE_IN_FRAMEWORK_HEADER = YES;
				CLANG_WARN_RANGE_LOOP_ANALYSIS = YES;
				CLANG_WARN_STRICT_PROTOTYPES = YES;
				CLANG_WARN_SUSPICIOUS_MOVE = YES;
				CLANG_WARN_UNREACHABLE_CODE = YES;
				CLANG_WARN__DUPLICATE_METHOD_MATCH = YES;
				ENABLE_STRICT_OBJC_MSGSEND = YES;
				ENABLE_TESTABILITY = YES;
				GCC_NO_COMMON_BLOCKS = YES;
				GCC_OPTIMIZATION_LEVEL = 0;
				GCC_WARN_64_TO_32_BIT_CONVERSION = YES;
				GCC_WARN_ABOUT_RETURN_TYPE = YES_ERROR;
				GCC_WARN_UNDECLARED_SELECTOR = YES;
				GCC_WARN_UNINITIALIZED_AUTOS = YES;
				GCC_WARN_UNUSED_FUNCTION = YES;
				GCC_WARN_UNUSED_VARIABLE = YES;
				MACOSX_DEPLOYMENT_TARGET = 10.6;
				ONLY_ACTIVE_ARCH = YES;
				SDKROOT = macosx;
				VALID_ARCHS = x86_64;
			};
			name = Debug;
		};
		B5FE4AF9109FBBC700E1608F /* Debug */ = {
			isa = XCBuildConfiguration;
			buildSettings = {
				CLANG_ENABLE_OBJC_WEAK = YES;
				COPY_PHASE_STRIP = NO;
				DEBUG_INFORMATION_FORMAT = dwarf;
				GCC_DYNAMIC_NO_PIC = NO;
				GCC_OPTIMIZATION_LEVEL = 0;
				MACOSX_DEPLOYMENT_TARGET = 10.9;
				PRODUCT_NAME = zip;
			};
			name = Debug;
		};
		B5FE4AFA109FBBC700E1608F /* Release */ = {
			isa = XCBuildConfiguration;
			buildSettings = {
				CLANG_ENABLE_OBJC_WEAK = YES;
				COPY_PHASE_STRIP = YES;
				DEBUG_INFORMATION_FORMAT = dwarf;
				MACOSX_DEPLOYMENT_TARGET = 10.9;
				PRODUCT_NAME = zip;
				ZERO_LINK = NO;
			};
			name = Release;
		};
/* End XCBuildConfiguration section */

/* Begin XCConfigurationList section */
		B5EA5CE408F15FD40064B72D /* Build configuration list for PBXNativeTarget "CleanArchiver" */ = {
			isa = XCConfigurationList;
			buildConfigurations = (
				B5EA5CE508F15FD40064B72D /* Debug */,
				B535A1F0097A4F430018C1F1 /* Release */,
			);
			defaultConfigurationIsVisible = 0;
			defaultConfigurationName = Debug;
		};
		B5EA5CE808F15FD40064B72D /* Build configuration list for PBXProject "CleanArchiver" */ = {
			isa = XCConfigurationList;
			buildConfigurations = (
				B5EA5CE908F15FD40064B72D /* Debug */,
				B535A1F1097A4F430018C1F1 /* Release */,
			);
			defaultConfigurationIsVisible = 0;
			defaultConfigurationName = Debug;
		};
		B5FE4AFB109FBBCB00E1608F /* Build configuration list for PBXAggregateTarget "zip" */ = {
			isa = XCConfigurationList;
			buildConfigurations = (
				B5FE4AF9109FBBC700E1608F /* Debug */,
				B5FE4AFA109FBBC700E1608F /* Release */,
			);
			defaultConfigurationIsVisible = 0;
			defaultConfigurationName = Debug;
		};
/* End XCConfigurationList section */
	};
	rootObject = 29B97313FDCFA39411CA2CEA /* Project object */;
}
