// !$*UTF8*$!
{
	archiveVersion = 1;
	classes = {
	};
	objectVersion = 39;
	objects = {
		080E96DDFE201D6D7F000001 = {
			children = (
				B52CCA3905531C0F00F5FEAE,
				B52CCA3A05531C0F00F5FEAE,
				B5E1B9B205544F66007E53BD,
				B5E1B9B305544F66007E53BD,
				B5E1B9B405544F66007E53BD,
				B5E1B9B505544F66007E53BD,
				B577E97A065FBD2E00DB450B,
				B577E97B065FBD2E00DB450B,
				B5D2342605790BAB004ACB8D,
				B5D2342705790BAB004ACB8D,
				B5E1B9B805544F66007E53BD,
				B5E1B9B905544F66007E53BD,
				B51E9EBB0558B4D500BD3E9C,
				B51E9EBC0558B4D500BD3E9C,
				B5E1B9BA05544F66007E53BD,
				B5E1B9BB05544F66007E53BD,
				B5E1B9BC05544F66007E53BD,
				B5E1B9BD05544F66007E53BD,
			);
			isa = PBXGroup;
			name = Classes;
			refType = 4;
			sourceTree = "<group>";
		};
		089C165CFE840E0CC02AAC07 = {
			children = (
				089C165DFE840E0CC02AAC07,
				B57D83650579E84C0071EFEB,
			);
			isa = PBXVariantGroup;
			name = InfoPlist.strings;
			refType = 4;
			sourceTree = "<group>";
		};
		089C165DFE840E0CC02AAC07 = {
			fileEncoding = 10;
			isa = PBXFileReference;
			lastKnownFileType = text.plist.strings;
			name = English;
			path = English.lproj/InfoPlist.strings;
			refType = 4;
			sourceTree = "<group>";
		};
//080
//081
//082
//083
//084
//100
//101
//102
//103
//104
		1058C7A0FEA54F0111CA2CBB = {
			children = (
				1058C7A1FEA54F0111CA2CBB,
			);
			isa = PBXGroup;
			name = "Linked Frameworks";
			refType = 4;
			sourceTree = "<group>";
		};
		1058C7A1FEA54F0111CA2CBB = {
			isa = PBXFileReference;
			lastKnownFileType = wrapper.framework;
			name = Cocoa.framework;
			path = /System/Library/Frameworks/Cocoa.framework;
			refType = 0;
			sourceTree = "<absolute>";
		};
		1058C7A2FEA54F0111CA2CBB = {
			children = (
				29B97325FDCFA39411CA2CEA,
				29B97324FDCFA39411CA2CEA,
			);
			isa = PBXGroup;
			name = "Other Frameworks";
			refType = 4;
			sourceTree = "<group>";
		};
//100
//101
//102
//103
//104
//290
//291
//292
//293
//294
		29B97313FDCFA39411CA2CEA = {
			buildSettings = {
			};
			buildStyles = (
				4A9504CCFFE6A4B311CA0CBA,
				4A9504CDFFE6A4B311CA0CBA,
			);
			hasScannedForEncodings = 1;
			isa = PBXProject;
			mainGroup = 29B97314FDCFA39411CA2CEA;
			projectDirPath = "";
			targets = (
				8D1107260486CEB800E47090,
			);
		};
		29B97314FDCFA39411CA2CEA = {
			children = (
				080E96DDFE201D6D7F000001,
				29B97315FDCFA39411CA2CEA,
				29B97317FDCFA39411CA2CEA,
				B58DD5AB07BF446900A6D878,
				29B97323FDCFA39411CA2CEA,
				B59E55C407C435CB003F8060,
				B59F68D807B8BFC400C71D12,
			);
			isa = PBXGroup;
			name = CleanArchiver;
			path = "";
			refType = 4;
			sourceTree = "<group>";
		};
		29B97315FDCFA39411CA2CEA = {
			children = (
				32CA4F630368D1EE00C91783,
				29B97316FDCFA39411CA2CEA,
			);
			isa = PBXGroup;
			name = "Other Sources";
			path = "";
			refType = 4;
			sourceTree = "<group>";
		};
		29B97316FDCFA39411CA2CEA = {
			fileEncoding = 30;
			isa = PBXFileReference;
			lastKnownFileType = sourcecode.c.objc;
			path = main.m;
			refType = 4;
			sourceTree = "<group>";
		};
		29B97317FDCFA39411CA2CEA = {
			children = (
				B5866A1907D9F7EC00F9FEF3,
				B5866A1D07D9F7F600F9FEF3,
				B59FB4F50608696C003EB187,
				B5F506890664C8D3009CDA53,
				8D1107310486CEB800E47090,
				089C165CFE840E0CC02AAC07,
				B57D83790579EB3A0071EFEB,
				B57219BD0660ABF0007A621B,
				B56C236F07BC8BA700DB93B4,
				B5EFABD306F38A83007DD67F,
			);
			isa = PBXGroup;
			name = Resources;
			path = "";
			refType = 4;
			sourceTree = "<group>";
		};
		29B97319FDCFA39411CA2CEA = {
			isa = PBXFileReference;
			lastKnownFileType = wrapper.nib;
			name = English;
			path = English.lproj/MainMenu.nib;
			refType = 4;
			sourceTree = "<group>";
		};
		29B97323FDCFA39411CA2CEA = {
			children = (
				1058C7A0FEA54F0111CA2CBB,
				1058C7A2FEA54F0111CA2CBB,
			);
			isa = PBXGroup;
			name = Frameworks;
			path = "";
			refType = 4;
			sourceTree = "<group>";
		};
		29B97324FDCFA39411CA2CEA = {
			isa = PBXFileReference;
			lastKnownFileType = wrapper.framework;
			name = AppKit.framework;
			path = /System/Library/Frameworks/AppKit.framework;
			refType = 0;
			sourceTree = "<absolute>";
		};
		29B97325FDCFA39411CA2CEA = {
			isa = PBXFileReference;
			lastKnownFileType = wrapper.framework;
			name = Foundation.framework;
			path = /System/Library/Frameworks/Foundation.framework;
			refType = 0;
			sourceTree = "<absolute>";
		};
//290
//291
//292
//293
//294
//320
//321
//322
//323
//324
		32CA4F630368D1EE00C91783 = {
			fileEncoding = 4;
			isa = PBXFileReference;
			lastKnownFileType = sourcecode.c.h;
			path = CleanArchiver_Prefix.pch;
			refType = 4;
			sourceTree = "<group>";
		};
//320
//321
//322
//323
//324
//4A0
//4A1
//4A2
//4A3
//4A4
		4A9504CCFFE6A4B311CA0CBA = {
			buildSettings = {
				COPY_PHASE_STRIP = NO;
				CURRENT_PROJECT_VERSION = 21;
				DEBUGGING_SYMBOLS = YES;
				GCC_DYNAMIC_NO_PIC = NO;
				GCC_ENABLE_FIX_AND_CONTINUE = YES;
				GCC_GENERATE_DEBUGGING_SYMBOLS = YES;
				GCC_OPTIMIZATION_LEVEL = 0;
				OPTIMIZATION_CFLAGS = "-O0";
				VERSIONING_SYSTEM = "apple-generic";
				ZERO_LINK = YES;
			};
			isa = PBXBuildStyle;
			name = Development;
		};
		4A9504CDFFE6A4B311CA0CBA = {
			buildSettings = {
				COPY_PHASE_STRIP = YES;
				CURRENT_PROJECT_VERSION = 21;
				GCC_ENABLE_FIX_AND_CONTINUE = NO;
				VERSIONING_SYSTEM = "apple-generic";
				ZERO_LINK = NO;
			};
			isa = PBXBuildStyle;
			name = Deployment;
		};
//4A0
//4A1
//4A2
//4A3
//4A4
//8D0
//8D1
//8D2
//8D3
//8D4
		8D1107260486CEB800E47090 = {
			buildPhases = (
				8D1107270486CEB800E47090,
				8D1107290486CEB800E47090,
				8D11072C0486CEB800E47090,
				8D11072E0486CEB800E47090,
				B58DD5B607BF466600A6D878,
			);
			buildRules = (
			);
			buildSettings = {
				CURRENT_PROJECT_VERSION = 21;
				DYLIB_COMPATIBILITY_VERSION = "";
				DYLIB_CURRENT_VERSION = 21;
				FRAMEWORK_SEARCH_PATHS = "";
				GCC_ENABLE_TRIGRAPHS = NO;
				GCC_GENERATE_DEBUGGING_SYMBOLS = NO;
				GCC_MODEL_PPC64 = NO;
				GCC_PRECOMPILE_PREFIX_HEADER = YES;
				GCC_PREFIX_HEADER = CleanArchiver_Prefix.pch;
				GCC_WARN_ABOUT_MISSING_PROTOTYPES = NO;
				GCC_WARN_FOUR_CHARACTER_CONSTANTS = NO;
				GCC_WARN_UNKNOWN_PRAGMAS = NO;
				HEADER_SEARCH_PATHS = "";
				INFOPLIST_FILE = Info.plist;
				INSTALL_PATH = "$(HOME)/Applications";
				LIBRARY_SEARCH_PATHS = "";
				OTHER_CFLAGS = "";
				OTHER_LDFLAGS = "";
				PRODUCT_NAME = CleanArchiver;
				SECTORDER_FLAGS = "";
				VERSIONING_SYSTEM = "apple-generic";
				WARNING_CFLAGS = "-Wmost -Wno-four-char-constants -Wno-unknown-pragmas";
				WRAPPER_EXTENSION = app;
				ZERO_LINK = NO;
			};
			dependencies = (
			);
			isa = PBXNativeTarget;
			name = CleanArchiver;
			productInstallPath = "$(HOME)/Applications";
			productName = CleanArchiver;
			productReference = 8D1107320486CEB800E47090;
			productType = "com.apple.product-type.application";
		};
		8D1107270486CEB800E47090 = {
			buildActionMask = 2147483647;
			files = (
				8D1107280486CEB800E47090,
				B52CCA3B05531C0F00F5FEAE,
				B5E1B9BE05544F66007E53BD,
				B5E1B9C005544F66007E53BD,
				B5E1B9C405544F66007E53BD,
				B5E1B9C605544F66007E53BD,
				B5E1B9C805544F66007E53BD,
				B51E9EBD0558B4D500BD3E9C,
				B5D2342805790BAB004ACB8D,
				B577E97C065FBD2E00DB450B,
			);
			isa = PBXHeadersBuildPhase;
			runOnlyForDeploymentPostprocessing = 0;
		};
		8D1107280486CEB800E47090 = {
			fileRef = 32CA4F630368D1EE00C91783;
			isa = PBXBuildFile;
			settings = {
			};
		};
		8D1107290486CEB800E47090 = {
			buildActionMask = 2147483647;
			files = (
				B57219BE0660ABF0007A621B,
				8D11072B0486CEB800E47090,
				B57D837A0579EB3A0071EFEB,
				B5F5068A0664C8D3009CDA53,
				B59FB4F60608696C003EB187,
				B5EFABD406F38A83007DD67F,
				B56C237007BC8BA700DB93B4,
				B5866A1A07D9F7EC00F9FEF3,
				B5866A1E07D9F7F600F9FEF3,
			);
			isa = PBXResourcesBuildPhase;
			runOnlyForDeploymentPostprocessing = 0;
		};
		8D11072B0486CEB800E47090 = {
			fileRef = 089C165CFE840E0CC02AAC07;
			isa = PBXBuildFile;
			settings = {
			};
		};
		8D11072C0486CEB800E47090 = {
			buildActionMask = 2147483647;
			files = (
				8D11072D0486CEB800E47090,
				B52CCA3C05531C0F00F5FEAE,
				B5E1B9BF05544F66007E53BD,
				B5E1B9C105544F66007E53BD,
				B5E1B9C505544F66007E53BD,
				B5E1B9C705544F66007E53BD,
				B5E1B9C905544F66007E53BD,
				B51E9EBE0558B4D500BD3E9C,
				B5D2342905790BAB004ACB8D,
				B577E97D065FBD2E00DB450B,
			);
			isa = PBXSourcesBuildPhase;
			runOnlyForDeploymentPostprocessing = 0;
		};
		8D11072D0486CEB800E47090 = {
			fileRef = 29B97316FDCFA39411CA2CEA;
			isa = PBXBuildFile;
			settings = {
				ATTRIBUTES = (
				);
			};
		};
		8D11072E0486CEB800E47090 = {
			buildActionMask = 2147483647;
			files = (
				8D11072F0486CEB800E47090,
			);
			isa = PBXFrameworksBuildPhase;
			runOnlyForDeploymentPostprocessing = 0;
		};
		8D11072F0486CEB800E47090 = {
			fileRef = 1058C7A1FEA54F0111CA2CBB;
			isa = PBXBuildFile;
			settings = {
			};
		};
		8D1107310486CEB800E47090 = {
			fileEncoding = 4;
			isa = PBXFileReference;
			lastKnownFileType = text.plist;
			path = Info.plist;
			refType = 4;
			sourceTree = "<group>";
		};
		8D1107320486CEB800E47090 = {
			explicitFileType = wrapper.application;
			includeInIndex = 0;
			isa = PBXFileReference;
			path = CleanArchiver.app;
			refType = 3;
			sourceTree = BUILT_PRODUCTS_DIR;
		};
//8D0
//8D1
//8D2
//8D3
//8D4
//B50
//B51
//B52
//B53
//B54
		B51E9EBB0558B4D500BD3E9C = {
			fileEncoding = 4;
			isa = PBXFileReference;
			lastKnownFileType = sourcecode.c.h;
			path = StuffIt.h;
			refType = 4;
			sourceTree = "<group>";
		};
		B51E9EBC0558B4D500BD3E9C = {
			fileEncoding = 4;
			isa = PBXFileReference;
			lastKnownFileType = sourcecode.c.objc;
			path = StuffIt.m;
			refType = 4;
			sourceTree = "<group>";
		};
		B51E9EBD0558B4D500BD3E9C = {
			fileRef = B51E9EBB0558B4D500BD3E9C;
			isa = PBXBuildFile;
			settings = {
			};
		};
		B51E9EBE0558B4D500BD3E9C = {
			fileRef = B51E9EBC0558B4D500BD3E9C;
			isa = PBXBuildFile;
			settings = {
			};
		};
		B52CCA3905531C0F00F5FEAE = {
			fileEncoding = 4;
			isa = PBXFileReference;
			lastKnownFileType = sourcecode.c.h;
			path = Archiver.h;
			refType = 4;
			sourceTree = "<group>";
		};
		B52CCA3A05531C0F00F5FEAE = {
			fileEncoding = 4;
			isa = PBXFileReference;
			lastKnownFileType = sourcecode.c.objc;
			path = Archiver.m;
			refType = 4;
			sourceTree = "<group>";
		};
		B52CCA3B05531C0F00F5FEAE = {
			fileRef = B52CCA3905531C0F00F5FEAE;
			isa = PBXBuildFile;
			settings = {
			};
		};
		B52CCA3C05531C0F00F5FEAE = {
			fileRef = B52CCA3A05531C0F00F5FEAE;
			isa = PBXBuildFile;
			settings = {
			};
		};
		B56C236F07BC8BA700DB93B4 = {
			fileEncoding = 4;
			isa = PBXFileReference;
			lastKnownFileType = text.script.perl;
			path = mkdmg;
			refType = 4;
			sourceTree = "<group>";
		};
		B56C237007BC8BA700DB93B4 = {
			fileRef = B56C236F07BC8BA700DB93B4;
			isa = PBXBuildFile;
			settings = {
			};
		};
		B57219BD0660ABF0007A621B = {
			children = (
				29B97319FDCFA39411CA2CEA,
				B57219C10660ABF5007A621B,
			);
			isa = PBXVariantGroup;
			name = MainMenu.nib;
			refType = 4;
			sourceTree = "<group>";
		};
		B57219BE0660ABF0007A621B = {
			fileRef = B57219BD0660ABF0007A621B;
			isa = PBXBuildFile;
			settings = {
			};
		};
		B57219C10660ABF5007A621B = {
			isa = PBXFileReference;
			lastKnownFileType = wrapper.nib;
			name = Japanese;
			path = Japanese.lproj/MainMenu.nib;
			refType = 4;
			sourceTree = "<group>";
		};
		B577E97A065FBD2E00DB450B = {
			fileEncoding = 4;
			isa = PBXFileReference;
			lastKnownFileType = sourcecode.c.h;
			path = CAView.h;
			refType = 4;
			sourceTree = "<group>";
		};
		B577E97B065FBD2E00DB450B = {
			fileEncoding = 4;
			isa = PBXFileReference;
			lastKnownFileType = sourcecode.c.objc;
			path = CAView.m;
			refType = 4;
			sourceTree = "<group>";
		};
		B577E97C065FBD2E00DB450B = {
			fileRef = B577E97A065FBD2E00DB450B;
			isa = PBXBuildFile;
			settings = {
			};
		};
		B577E97D065FBD2E00DB450B = {
			fileRef = B577E97B065FBD2E00DB450B;
			isa = PBXBuildFile;
			settings = {
			};
		};
		B57D83650579E84C0071EFEB = {
			isa = PBXFileReference;
			lastKnownFileType = text.plist.strings;
			name = Japanese;
			path = Japanese.lproj/InfoPlist.strings;
			refType = 4;
			sourceTree = "<group>";
		};
		B57D836F0579EAD90071EFEB = {
			fileEncoding = 4;
			isa = PBXFileReference;
			lastKnownFileType = text.plist.strings;
			name = English;
			path = English.lproj/Localizable.strings;
			refType = 4;
			sourceTree = "<group>";
		};
		B57D83790579EB3A0071EFEB = {
			children = (
				B57D836F0579EAD90071EFEB,
				B57D837B0579EB490071EFEB,
			);
			isa = PBXVariantGroup;
			name = Localizable.strings;
			refType = 4;
			sourceTree = "<group>";
		};
		B57D837A0579EB3A0071EFEB = {
			fileRef = B57D83790579EB3A0071EFEB;
			isa = PBXBuildFile;
			settings = {
			};
		};
		B57D837B0579EB490071EFEB = {
			fileEncoding = 4;
			isa = PBXFileReference;
			lastKnownFileType = text.plist.strings;
			name = Japanese;
			path = Japanese.lproj/Localizable.strings;
			refType = 4;
			sourceTree = "<group>";
		};
		B5866A1907D9F7EC00F9FEF3 = {
			isa = PBXFileReference;
			lastKnownFileType = image.png;
			path = bg.png;
			refType = 4;
			sourceTree = "<group>";
		};
		B5866A1A07D9F7EC00F9FEF3 = {
			fileRef = B5866A1907D9F7EC00F9FEF3;
			isa = PBXBuildFile;
			settings = {
			};
		};
		B5866A1D07D9F7F600F9FEF3 = {
			isa = PBXFileReference;
			lastKnownFileType = image.png;
			path = bgactive.png;
			refType = 4;
			sourceTree = "<group>";
		};
		B5866A1E07D9F7F600F9FEF3 = {
			fileRef = B5866A1D07D9F7F600F9FEF3;
			isa = PBXBuildFile;
			settings = {
			};
		};
		B58DD5AB07BF446900A6D878 = {
			children = (
				B58DD5C307BF47B300A6D878,
			);
			isa = PBXGroup;
			name = Scripts;
			refType = 4;
			sourceTree = "<group>";
		};
		B58DD5B607BF466600A6D878 = {
			buildActionMask = 2147483647;
			contextName = "";
			files = (
				B58DD5C407BF47B300A6D878,
			);
			isSharedContext = 0;
			isa = PBXAppleScriptBuildPhase;
			runOnlyForDeploymentPostprocessing = 0;
		};
		B58DD5C307BF47B300A6D878 = {
			fileEncoding = 4;
			isa = PBXFileReference;
			lastKnownFileType = sourcecode.applescript;
			path = stuffit.applescript;
			refType = 4;
			sourceTree = "<group>";
		};
		B58DD5C407BF47B300A6D878 = {
			fileRef = B58DD5C307BF47B300A6D878;
			isa = PBXBuildFile;
			settings = {
				ATTRIBUTES = (
					Debug,
				);
			};
		};
		B59BBD0E05DE72AB0015AD29 = {
			isa = PBXFileReference;
			lastKnownFileType = folder;
			name = English;
			path = English.lproj/CleanArchiverHelp;
			refType = 4;
			sourceTree = "<group>";
		};
		B59E55C407C435CB003F8060 = {
			children = (
				8D1107320486CEB800E47090,
			);
			isa = PBXGroup;
			name = Products;
			refType = 4;
			sourceTree = "<group>";
		};
		B59F68D807B8BFC400C71D12 = {
			fileEncoding = "-2147483647";
			isa = PBXFileReference;
			lastKnownFileType = text;
			path = README.txt;
			refType = 4;
			sourceTree = "<group>";
		};
		B59FB4F50608696C003EB187 = {
			isa = PBXFileReference;
			lastKnownFileType = image.icns;
			path = CleanArchiver.icns;
			refType = 4;
			sourceTree = "<group>";
		};
		B59FB4F60608696C003EB187 = {
			fileRef = B59FB4F50608696C003EB187;
			isa = PBXBuildFile;
			settings = {
			};
		};
		B5D2342605790BAB004ACB8D = {
			fileEncoding = 4;
			isa = PBXFileReference;
			lastKnownFileType = sourcecode.c.h;
			path = Dmg.h;
			refType = 4;
			sourceTree = "<group>";
		};
		B5D2342705790BAB004ACB8D = {
			fileEncoding = 4;
			isa = PBXFileReference;
			lastKnownFileType = sourcecode.c.objc;
			path = Dmg.m;
			refType = 4;
			sourceTree = "<group>";
		};
		B5D2342805790BAB004ACB8D = {
			fileRef = B5D2342605790BAB004ACB8D;
			isa = PBXBuildFile;
			settings = {
			};
		};
		B5D2342905790BAB004ACB8D = {
			fileRef = B5D2342705790BAB004ACB8D;
			isa = PBXBuildFile;
			settings = {
			};
		};
		B5E1B9B205544F66007E53BD = {
			fileEncoding = 4;
			isa = PBXFileReference;
			lastKnownFileType = sourcecode.c.h;
			path = Bzip2.h;
			refType = 4;
			sourceTree = "<group>";
		};
		B5E1B9B305544F66007E53BD = {
			fileEncoding = 4;
			isa = PBXFileReference;
			lastKnownFileType = sourcecode.c.objc;
			path = Bzip2.m;
			refType = 4;
			sourceTree = "<group>";
		};
		B5E1B9B405544F66007E53BD = {
			fileEncoding = 4;
			isa = PBXFileReference;
			lastKnownFileType = sourcecode.c.h;
			path = CAController.h;
			refType = 4;
			sourceTree = "<group>";
		};
		B5E1B9B505544F66007E53BD = {
			fileEncoding = 4;
			isa = PBXFileReference;
			lastKnownFileType = sourcecode.c.objc;
			path = CAController.m;
			refType = 4;
			sourceTree = "<group>";
		};
		B5E1B9B805544F66007E53BD = {
			fileEncoding = 4;
			isa = PBXFileReference;
			lastKnownFileType = sourcecode.c.h;
			path = Gzip.h;
			refType = 4;
			sourceTree = "<group>";
		};
		B5E1B9B905544F66007E53BD = {
			fileEncoding = 4;
			isa = PBXFileReference;
			lastKnownFileType = sourcecode.c.objc;
			path = Gzip.m;
			refType = 4;
			sourceTree = "<group>";
		};
		B5E1B9BA05544F66007E53BD = {
			fileEncoding = 4;
			isa = PBXFileReference;
			lastKnownFileType = sourcecode.c.h;
			path = Tar.h;
			refType = 4;
			sourceTree = "<group>";
		};
		B5E1B9BB05544F66007E53BD = {
			fileEncoding = 4;
			isa = PBXFileReference;
			lastKnownFileType = sourcecode.c.objc;
			path = Tar.m;
			refType = 4;
			sourceTree = "<group>";
		};
		B5E1B9BC05544F66007E53BD = {
			fileEncoding = 4;
			isa = PBXFileReference;
			lastKnownFileType = sourcecode.c.h;
			path = Zip.h;
			refType = 4;
			sourceTree = "<group>";
		};
		B5E1B9BD05544F66007E53BD = {
			fileEncoding = 4;
			isa = PBXFileReference;
			lastKnownFileType = sourcecode.c.objc;
			path = Zip.m;
			refType = 4;
			sourceTree = "<group>";
		};
		B5E1B9BE05544F66007E53BD = {
			fileRef = B5E1B9B205544F66007E53BD;
			isa = PBXBuildFile;
			settings = {
			};
		};
		B5E1B9BF05544F66007E53BD = {
			fileRef = B5E1B9B305544F66007E53BD;
			isa = PBXBuildFile;
			settings = {
			};
		};
		B5E1B9C005544F66007E53BD = {
			fileRef = B5E1B9B405544F66007E53BD;
			isa = PBXBuildFile;
			settings = {
			};
		};
		B5E1B9C105544F66007E53BD = {
			fileRef = B5E1B9B505544F66007E53BD;
			isa = PBXBuildFile;
			settings = {
			};
		};
		B5E1B9C405544F66007E53BD = {
			fileRef = B5E1B9B805544F66007E53BD;
			isa = PBXBuildFile;
			settings = {
			};
		};
		B5E1B9C505544F66007E53BD = {
			fileRef = B5E1B9B905544F66007E53BD;
			isa = PBXBuildFile;
			settings = {
			};
		};
		B5E1B9C605544F66007E53BD = {
			fileRef = B5E1B9BA05544F66007E53BD;
			isa = PBXBuildFile;
			settings = {
			};
		};
		B5E1B9C705544F66007E53BD = {
			fileRef = B5E1B9BB05544F66007E53BD;
			isa = PBXBuildFile;
			settings = {
			};
		};
		B5E1B9C805544F66007E53BD = {
			fileRef = B5E1B9BC05544F66007E53BD;
			isa = PBXBuildFile;
			settings = {
			};
		};
		B5E1B9C905544F66007E53BD = {
			fileRef = B5E1B9BD05544F66007E53BD;
			isa = PBXBuildFile;
			settings = {
			};
		};
		B5EFABD306F38A83007DD67F = {
			fileEncoding = 4;
			isa = PBXFileReference;
			lastKnownFileType = text.script.perl;
			path = stuffit;
			refType = 4;
			sourceTree = "<group>";
		};
		B5EFABD406F38A83007DD67F = {
			fileRef = B5EFABD306F38A83007DD67F;
			isa = PBXBuildFile;
			settings = {
			};
		};
		B5F506890664C8D3009CDA53 = {
			children = (
				B59BBD0E05DE72AB0015AD29,
				B5F506AE0664C8D9009CDA53,
			);
			isa = PBXVariantGroup;
			name = CleanArchiverHelp;
			refType = 4;
			sourceTree = "<group>";
		};
		B5F5068A0664C8D3009CDA53 = {
			fileRef = B5F506890664C8D3009CDA53;
			isa = PBXBuildFile;
			settings = {
			};
		};
		B5F506AE0664C8D9009CDA53 = {
			isa = PBXFileReference;
			lastKnownFileType = folder;
			name = Japanese;
			path = Japanese.lproj/CleanArchiverHelp;
			refType = 4;
			sourceTree = "<group>";
		};
	};
	rootObject = 29B97313FDCFA39411CA2CEA;
}
