
Microsoft Visual Studio Solution File, Format Version 9.00
# Visual Studio 2005
Project("{8BC9CEB8-8B4A-11D0-8D11-00A0C91BC942}") = "c_lib_ex", "c_lib_ex.vcproj", "{1605DCB1-61AC-4E1E-8721-82F0F1735927}"
EndProject
Global
	GlobalSection(SolutionConfigurationPlatforms) = preSolution
		Debug|Win32 = Debug|Win32
		Release|Win32 = Release|Win32
	EndGlobalSection
	GlobalSection(ProjectConfigurationPlatforms) = postSolution
		{1605DCB1-61AC-4E1E-8721-82F0F1735927}.Debug|Win32.ActiveCfg = Debug|Win32
		{1605DCB1-61AC-4E1E-8721-82F0F1735927}.Debug|Win32.Build.0 = Debug|Win32
		{1605DCB1-61AC-4E1E-8721-82F0F1735927}.Release|Win32.ActiveCfg = Release|Win32
		{1605DCB1-61AC-4E1E-8721-82F0F1735927}.Release|Win32.Build.0 = Release|Win32
	EndGlobalSection
	GlobalSection(SolutionProperties) = preSolution
		HideSolutionNode = FALSE
	EndGlobalSection
EndGlobal
